
Microsoft Visual Studio Solution File, Format Version 12.00
# Visual Studio 15
VisualStudioVersion = 15.0.26124.0
MinimumVisualStudioVersion = 15.0.26124.0
Project("{FAE04EC0-301F-11D3-BF4B-00C04F79EFBC}") = "Server", "src\Server\Server.csproj", "{2F53312A-F37C-4174-BC63-71F49F3C0EFF}"
EndProject
Project("{FAE04EC0-301F-11D3-BF4B-00C04F79EFBC}") = "Tests", "tests\Tests.csproj", "{D51EF627-42DA-44FA-B2BC-A137B66F690E}"
EndProject
Project("{2150E333-8FDC-42A3-9474-1A3956D46DE8}") = "src", "src", "{202BC265-C3BC-46CC-9598-46D9854F02C3}"
EndProject
Project("{FAE04EC0-301F-11D3-BF4B-00C04F79EFBC}") = "Interface", "src\Interface\Interface.csproj", "{FAC7EEEE-1823-405E-B8C7-C97FEB934A02}"
EndProject
Project("{FAE04EC0-301F-11D3-BF4B-00C04F79EFBC}") = "Common", "src\Common\Common.csproj", "{EBA495B4-D90F-48EC-A716-948350B3E629}"
EndProject
Project("{2150E333-8FDC-42A3-9474-1A3956D46DE8}") = "cicd", "cicd", "{226CBE6A-839E-40D6-AEEC-2E232599A024}"
EndProject
Project("{FAE04EC0-301F-11D3-BF4B-00C04F79EFBC}") = "Cicd.Artifacts", "cicd\Cicd.Artifacts\Cicd.Artifacts.csproj", "{CFBF118B-62BF-47B3-9BAB-0BF7826F95FD}"
EndProject
Project("{FAE04EC0-301F-11D3-BF4B-00C04F79EFBC}") = "Cicd.BuildDriver", "cicd\Cicd.BuildDriver\Cicd.BuildDriver.csproj", "{C5806299-34BB-479F-86E9-B68217D6AF76}"
EndProject
Project("{FAE04EC0-301F-11D3-BF4B-00C04F79EFBC}") = "Cicd.DeployDriver", "cicd\Cicd.DeployDriver\Cicd.DeployDriver.csproj", "{592F236B-B4A8-4E12-B202-50B25BDE8B8A}"
EndProject
Project("{FAE04EC0-301F-11D3-BF4B-00C04F79EFBC}") = "Cicd.Utils", "cicd\Cicd.Utils\Cicd.Utils.csproj", "{A1467545-2363-4E31-A40A-7A4094B1947E}"
EndProject
Project("{FAE04EC0-301F-11D3-BF4B-00C04F79EFBC}") = "Database", "src\Database\Database.csproj", "{CF487131-6246-483E-A44C-962EFBD39240}"
EndProject
Global
	GlobalSection(SolutionConfigurationPlatforms) = preSolution
		Debug|Any CPU = Debug|Any CPU
		Debug|x64 = Debug|x64
		Debug|x86 = Debug|x86
		Release|Any CPU = Release|Any CPU
		Release|x64 = Release|x64
		Release|x86 = Release|x86
	EndGlobalSection
	GlobalSection(SolutionProperties) = preSolution
		HideSolutionNode = FALSE
	EndGlobalSection
	GlobalSection(ProjectConfigurationPlatforms) = postSolution
		{2F53312A-F37C-4174-BC63-71F49F3C0EFF}.Debug|Any CPU.ActiveCfg = Debug|Any CPU
		{2F53312A-F37C-4174-BC63-71F49F3C0EFF}.Debug|Any CPU.Build.0 = Debug|Any CPU
		{2F53312A-F37C-4174-BC63-71F49F3C0EFF}.Debug|x64.ActiveCfg = Debug|Any CPU
		{2F53312A-F37C-4174-BC63-71F49F3C0EFF}.Debug|x64.Build.0 = Debug|Any CPU
		{2F53312A-F37C-4174-BC63-71F49F3C0EFF}.Debug|x86.ActiveCfg = Debug|Any CPU
		{2F53312A-F37C-4174-BC63-71F49F3C0EFF}.Debug|x86.Build.0 = Debug|Any CPU
		{2F53312A-F37C-4174-BC63-71F49F3C0EFF}.Release|Any CPU.ActiveCfg = Release|Any CPU
		{2F53312A-F37C-4174-BC63-71F49F3C0EFF}.Release|Any CPU.Build.0 = Release|Any CPU
		{2F53312A-F37C-4174-BC63-71F49F3C0EFF}.Release|x64.ActiveCfg = Release|Any CPU
		{2F53312A-F37C-4174-BC63-71F49F3C0EFF}.Release|x64.Build.0 = Release|Any CPU
		{2F53312A-F37C-4174-BC63-71F49F3C0EFF}.Release|x86.ActiveCfg = Release|Any CPU
		{2F53312A-F37C-4174-BC63-71F49F3C0EFF}.Release|x86.Build.0 = Release|Any CPU
		{D51EF627-42DA-44FA-B2BC-A137B66F690E}.Debug|Any CPU.ActiveCfg = Debug|Any CPU
		{D51EF627-42DA-44FA-B2BC-A137B66F690E}.Debug|Any CPU.Build.0 = Debug|Any CPU
		{D51EF627-42DA-44FA-B2BC-A137B66F690E}.Debug|x64.ActiveCfg = Debug|Any CPU
		{D51EF627-42DA-44FA-B2BC-A137B66F690E}.Debug|x64.Build.0 = Debug|Any CPU
		{D51EF627-42DA-44FA-B2BC-A137B66F690E}.Debug|x86.ActiveCfg = Debug|Any CPU
		{D51EF627-42DA-44FA-B2BC-A137B66F690E}.Debug|x86.Build.0 = Debug|Any CPU
		{D51EF627-42DA-44FA-B2BC-A137B66F690E}.Release|Any CPU.ActiveCfg = Release|Any CPU
		{D51EF627-42DA-44FA-B2BC-A137B66F690E}.Release|Any CPU.Build.0 = Release|Any CPU
		{D51EF627-42DA-44FA-B2BC-A137B66F690E}.Release|x64.ActiveCfg = Release|Any CPU
		{D51EF627-42DA-44FA-B2BC-A137B66F690E}.Release|x64.Build.0 = Release|Any CPU
		{D51EF627-42DA-44FA-B2BC-A137B66F690E}.Release|x86.ActiveCfg = Release|Any CPU
		{D51EF627-42DA-44FA-B2BC-A137B66F690E}.Release|x86.Build.0 = Release|Any CPU
		{FAC7EEEE-1823-405E-B8C7-C97FEB934A02}.Debug|Any CPU.ActiveCfg = Debug|Any CPU
		{FAC7EEEE-1823-405E-B8C7-C97FEB934A02}.Debug|Any CPU.Build.0 = Debug|Any CPU
		{FAC7EEEE-1823-405E-B8C7-C97FEB934A02}.Debug|x64.ActiveCfg = Debug|Any CPU
		{FAC7EEEE-1823-405E-B8C7-C97FEB934A02}.Debug|x64.Build.0 = Debug|Any CPU
		{FAC7EEEE-1823-405E-B8C7-C97FEB934A02}.Debug|x86.ActiveCfg = Debug|Any CPU
		{FAC7EEEE-1823-405E-B8C7-C97FEB934A02}.Debug|x86.Build.0 = Debug|Any CPU
		{FAC7EEEE-1823-405E-B8C7-C97FEB934A02}.Release|Any CPU.ActiveCfg = Release|Any CPU
		{FAC7EEEE-1823-405E-B8C7-C97FEB934A02}.Release|Any CPU.Build.0 = Release|Any CPU
		{FAC7EEEE-1823-405E-B8C7-C97FEB934A02}.Release|x64.ActiveCfg = Release|Any CPU
		{FAC7EEEE-1823-405E-B8C7-C97FEB934A02}.Release|x64.Build.0 = Release|Any CPU
		{FAC7EEEE-1823-405E-B8C7-C97FEB934A02}.Release|x86.ActiveCfg = Release|Any CPU
		{FAC7EEEE-1823-405E-B8C7-C97FEB934A02}.Release|x86.Build.0 = Release|Any CPU
		{EBA495B4-D90F-48EC-A716-948350B3E629}.Debug|Any CPU.ActiveCfg = Debug|Any CPU
		{EBA495B4-D90F-48EC-A716-948350B3E629}.Debug|Any CPU.Build.0 = Debug|Any CPU
		{EBA495B4-D90F-48EC-A716-948350B3E629}.Debug|x64.ActiveCfg = Debug|Any CPU
		{EBA495B4-D90F-48EC-A716-948350B3E629}.Debug|x64.Build.0 = Debug|Any CPU
		{EBA495B4-D90F-48EC-A716-948350B3E629}.Debug|x86.ActiveCfg = Debug|Any CPU
		{EBA495B4-D90F-48EC-A716-948350B3E629}.Debug|x86.Build.0 = Debug|Any CPU
		{EBA495B4-D90F-48EC-A716-948350B3E629}.Release|Any CPU.ActiveCfg = Release|Any CPU
		{EBA495B4-D90F-48EC-A716-948350B3E629}.Release|Any CPU.Build.0 = Release|Any CPU
		{EBA495B4-D90F-48EC-A716-948350B3E629}.Release|x64.ActiveCfg = Release|Any CPU
		{EBA495B4-D90F-48EC-A716-948350B3E629}.Release|x64.Build.0 = Release|Any CPU
		{EBA495B4-D90F-48EC-A716-948350B3E629}.Release|x86.ActiveCfg = Release|Any CPU
		{EBA495B4-D90F-48EC-A716-948350B3E629}.Release|x86.Build.0 = Release|Any CPU
		{CFBF118B-62BF-47B3-9BAB-0BF7826F95FD}.Debug|Any CPU.ActiveCfg = Debug|Any CPU
		{CFBF118B-62BF-47B3-9BAB-0BF7826F95FD}.Debug|Any CPU.Build.0 = Debug|Any CPU
		{CFBF118B-62BF-47B3-9BAB-0BF7826F95FD}.Debug|x64.ActiveCfg = Debug|Any CPU
		{CFBF118B-62BF-47B3-9BAB-0BF7826F95FD}.Debug|x64.Build.0 = Debug|Any CPU
		{CFBF118B-62BF-47B3-9BAB-0BF7826F95FD}.Debug|x86.ActiveCfg = Debug|Any CPU
		{CFBF118B-62BF-47B3-9BAB-0BF7826F95FD}.Debug|x86.Build.0 = Debug|Any CPU
		{CFBF118B-62BF-47B3-9BAB-0BF7826F95FD}.Release|Any CPU.ActiveCfg = Release|Any CPU
		{CFBF118B-62BF-47B3-9BAB-0BF7826F95FD}.Release|Any CPU.Build.0 = Release|Any CPU
		{CFBF118B-62BF-47B3-9BAB-0BF7826F95FD}.Release|x64.ActiveCfg = Release|Any CPU
		{CFBF118B-62BF-47B3-9BAB-0BF7826F95FD}.Release|x64.Build.0 = Release|Any CPU
		{CFBF118B-62BF-47B3-9BAB-0BF7826F95FD}.Release|x86.ActiveCfg = Release|Any CPU
		{CFBF118B-62BF-47B3-9BAB-0BF7826F95FD}.Release|x86.Build.0 = Release|Any CPU
		{C5806299-34BB-479F-86E9-B68217D6AF76}.Debug|Any CPU.ActiveCfg = Debug|Any CPU
		{C5806299-34BB-479F-86E9-B68217D6AF76}.Debug|Any CPU.Build.0 = Debug|Any CPU
		{C5806299-34BB-479F-86E9-B68217D6AF76}.Debug|x64.ActiveCfg = Debug|Any CPU
		{C5806299-34BB-479F-86E9-B68217D6AF76}.Debug|x64.Build.0 = Debug|Any CPU
		{C5806299-34BB-479F-86E9-B68217D6AF76}.Debug|x86.ActiveCfg = Debug|Any CPU
		{C5806299-34BB-479F-86E9-B68217D6AF76}.Debug|x86.Build.0 = Debug|Any CPU
		{C5806299-34BB-479F-86E9-B68217D6AF76}.Release|Any CPU.ActiveCfg = Release|Any CPU
		{C5806299-34BB-479F-86E9-B68217D6AF76}.Release|Any CPU.Build.0 = Release|Any CPU
		{C5806299-34BB-479F-86E9-B68217D6AF76}.Release|x64.ActiveCfg = Release|Any CPU
		{C5806299-34BB-479F-86E9-B68217D6AF76}.Release|x64.Build.0 = Release|Any CPU
		{C5806299-34BB-479F-86E9-B68217D6AF76}.Release|x86.ActiveCfg = Release|Any CPU
		{C5806299-34BB-479F-86E9-B68217D6AF76}.Release|x86.Build.0 = Release|Any CPU
		{592F236B-B4A8-4E12-B202-50B25BDE8B8A}.Debug|Any CPU.ActiveCfg = Debug|Any CPU
		{592F236B-B4A8-4E12-B202-50B25BDE8B8A}.Debug|Any CPU.Build.0 = Debug|Any CPU
		{592F236B-B4A8-4E12-B202-50B25BDE8B8A}.Debug|x64.ActiveCfg = Debug|Any CPU
		{592F236B-B4A8-4E12-B202-50B25BDE8B8A}.Debug|x64.Build.0 = Debug|Any CPU
		{592F236B-B4A8-4E12-B202-50B25BDE8B8A}.Debug|x86.ActiveCfg = Debug|Any CPU
		{592F236B-B4A8-4E12-B202-50B25BDE8B8A}.Debug|x86.Build.0 = Debug|Any CPU
		{592F236B-B4A8-4E12-B202-50B25BDE8B8A}.Release|Any CPU.ActiveCfg = Release|Any CPU
		{592F236B-B4A8-4E12-B202-50B25BDE8B8A}.Release|Any CPU.Build.0 = Release|Any CPU
		{592F236B-B4A8-4E12-B202-50B25BDE8B8A}.Release|x64.ActiveCfg = Release|Any CPU
		{592F236B-B4A8-4E12-B202-50B25BDE8B8A}.Release|x64.Build.0 = Release|Any CPU
		{592F236B-B4A8-4E12-B202-50B25BDE8B8A}.Release|x86.ActiveCfg = Release|Any CPU
		{592F236B-B4A8-4E12-B202-50B25BDE8B8A}.Release|x86.Build.0 = Release|Any CPU
		{A1467545-2363-4E31-A40A-7A4094B1947E}.Debug|Any CPU.ActiveCfg = Debug|Any CPU
		{A1467545-2363-4E31-A40A-7A4094B1947E}.Debug|Any CPU.Build.0 = Debug|Any CPU
		{A1467545-2363-4E31-A40A-7A4094B1947E}.Debug|x64.ActiveCfg = Debug|Any CPU
		{A1467545-2363-4E31-A40A-7A4094B1947E}.Debug|x64.Build.0 = Debug|Any CPU
		{A1467545-2363-4E31-A40A-7A4094B1947E}.Debug|x86.ActiveCfg = Debug|Any CPU
		{A1467545-2363-4E31-A40A-7A4094B1947E}.Debug|x86.Build.0 = Debug|Any CPU
		{A1467545-2363-4E31-A40A-7A4094B1947E}.Release|Any CPU.ActiveCfg = Release|Any CPU
		{A1467545-2363-4E31-A40A-7A4094B1947E}.Release|Any CPU.Build.0 = Release|Any CPU
		{A1467545-2363-4E31-A40A-7A4094B1947E}.Release|x64.ActiveCfg = Release|Any CPU
		{A1467545-2363-4E31-A40A-7A4094B1947E}.Release|x64.Build.0 = Release|Any CPU
		{A1467545-2363-4E31-A40A-7A4094B1947E}.Release|x86.ActiveCfg = Release|Any CPU
		{A1467545-2363-4E31-A40A-7A4094B1947E}.Release|x86.Build.0 = Release|Any CPU
		{CF487131-6246-483E-A44C-962EFBD39240}.Debug|Any CPU.ActiveCfg = Debug|Any CPU
		{CF487131-6246-483E-A44C-962EFBD39240}.Debug|Any CPU.Build.0 = Debug|Any CPU
		{CF487131-6246-483E-A44C-962EFBD39240}.Debug|x64.ActiveCfg = Debug|Any CPU
		{CF487131-6246-483E-A44C-962EFBD39240}.Debug|x64.Build.0 = Debug|Any CPU
		{CF487131-6246-483E-A44C-962EFBD39240}.Debug|x86.ActiveCfg = Debug|Any CPU
		{CF487131-6246-483E-A44C-962EFBD39240}.Debug|x86.Build.0 = Debug|Any CPU
		{CF487131-6246-483E-A44C-962EFBD39240}.Release|Any CPU.ActiveCfg = Release|Any CPU
		{CF487131-6246-483E-A44C-962EFBD39240}.Release|Any CPU.Build.0 = Release|Any CPU
		{CF487131-6246-483E-A44C-962EFBD39240}.Release|x64.ActiveCfg = Release|Any CPU
		{CF487131-6246-483E-A44C-962EFBD39240}.Release|x64.Build.0 = Release|Any CPU
		{CF487131-6246-483E-A44C-962EFBD39240}.Release|x86.ActiveCfg = Release|Any CPU
		{CF487131-6246-483E-A44C-962EFBD39240}.Release|x86.Build.0 = Release|Any CPU
	EndGlobalSection
	GlobalSection(NestedProjects) = preSolution
		{FAC7EEEE-1823-405E-B8C7-C97FEB934A02} = {202BC265-C3BC-46CC-9598-46D9854F02C3}
		{EBA495B4-D90F-48EC-A716-948350B3E629} = {202BC265-C3BC-46CC-9598-46D9854F02C3}
		{CFBF118B-62BF-47B3-9BAB-0BF7826F95FD} = {226CBE6A-839E-40D6-AEEC-2E232599A024}
		{C5806299-34BB-479F-86E9-B68217D6AF76} = {226CBE6A-839E-40D6-AEEC-2E232599A024}
		{592F236B-B4A8-4E12-B202-50B25BDE8B8A} = {226CBE6A-839E-40D6-AEEC-2E232599A024}
		{A1467545-2363-4E31-A40A-7A4094B1947E} = {226CBE6A-839E-40D6-AEEC-2E232599A024}
		{CF487131-6246-483E-A44C-962EFBD39240} = {202BC265-C3BC-46CC-9598-46D9854F02C3}
	EndGlobalSection
EndGlobal
