
Microsoft Visual Studio Solution File, Format Version 12.00
# Visual Studio 15
VisualStudioVersion = 15.0.26124.0
MinimumVisualStudioVersion = 15.0.26124.0
Project("{FAE04EC0-301F-11D3-BF4B-00C04F79EFBC}") = "Server", "src\Server\Server.csproj", "{2F53312A-F37C-4174-BC63-71F49F3C0EFF}"
EndProject
Project("{FAE04EC0-301F-11D3-BF4B-00C04F79EFBC}") = "IdentityTests", "tests\IdentityTests.csproj", "{D51EF627-42DA-44FA-B2BC-A137B66F690E}"
EndProject
Global
	GlobalSection(SolutionConfigurationPlatforms) = preSolution
		Debug|Any CPU = Debug|Any CPU
		Debug|x64 = Debug|x64
		Debug|x86 = Debug|x86
		Release|Any CPU = Release|Any CPU
		Release|x64 = Release|x64
		Release|x86 = Release|x86
	EndGlobalSection
	GlobalSection(SolutionProperties) = preSolution
		HideSolutionNode = FALSE
	EndGlobalSection
	GlobalSection(ProjectConfigurationPlatforms) = postSolution
		{2F53312A-F37C-4174-BC63-71F49F3C0EFF}.Debug|Any CPU.ActiveCfg = Debug|Any CPU
		{2F53312A-F37C-4174-BC63-71F49F3C0EFF}.Debug|Any CPU.Build.0 = Debug|Any CPU
		{2F53312A-F37C-4174-BC63-71F49F3C0EFF}.Debug|x64.ActiveCfg = Debug|Any CPU
		{2F53312A-F37C-4174-BC63-71F49F3C0EFF}.Debug|x64.Build.0 = Debug|Any CPU
		{2F53312A-F37C-4174-BC63-71F49F3C0EFF}.Debug|x86.ActiveCfg = Debug|Any CPU
		{2F53312A-F37C-4174-BC63-71F49F3C0EFF}.Debug|x86.Build.0 = Debug|Any CPU
		{2F53312A-F37C-4174-BC63-71F49F3C0EFF}.Release|Any CPU.ActiveCfg = Release|Any CPU
		{2F53312A-F37C-4174-BC63-71F49F3C0EFF}.Release|Any CPU.Build.0 = Release|Any CPU
		{2F53312A-F37C-4174-BC63-71F49F3C0EFF}.Release|x64.ActiveCfg = Release|Any CPU
		{2F53312A-F37C-4174-BC63-71F49F3C0EFF}.Release|x64.Build.0 = Release|Any CPU
		{2F53312A-F37C-4174-BC63-71F49F3C0EFF}.Release|x86.ActiveCfg = Release|Any CPU
		{2F53312A-F37C-4174-BC63-71F49F3C0EFF}.Release|x86.Build.0 = Release|Any CPU
		{D51EF627-42DA-44FA-B2BC-A137B66F690E}.Debug|Any CPU.ActiveCfg = Debug|Any CPU
		{D51EF627-42DA-44FA-B2BC-A137B66F690E}.Debug|Any CPU.Build.0 = Debug|Any CPU
		{D51EF627-42DA-44FA-B2BC-A137B66F690E}.Debug|x64.ActiveCfg = Debug|Any CPU
		{D51EF627-42DA-44FA-B2BC-A137B66F690E}.Debug|x64.Build.0 = Debug|Any CPU
		{D51EF627-42DA-44FA-B2BC-A137B66F690E}.Debug|x86.ActiveCfg = Debug|Any CPU
		{D51EF627-42DA-44FA-B2BC-A137B66F690E}.Debug|x86.Build.0 = Debug|Any CPU
		{D51EF627-42DA-44FA-B2BC-A137B66F690E}.Release|Any CPU.ActiveCfg = Release|Any CPU
		{D51EF627-42DA-44FA-B2BC-A137B66F690E}.Release|Any CPU.Build.0 = Release|Any CPU
		{D51EF627-42DA-44FA-B2BC-A137B66F690E}.Release|x64.ActiveCfg = Release|Any CPU
		{D51EF627-42DA-44FA-B2BC-A137B66F690E}.Release|x64.Build.0 = Release|Any CPU
		{D51EF627-42DA-44FA-B2BC-A137B66F690E}.Release|x86.ActiveCfg = Release|Any CPU
		{D51EF627-42DA-44FA-B2BC-A137B66F690E}.Release|x86.Build.0 = Release|Any CPU
	EndGlobalSection
EndGlobal
