{
  "version": 1,
  "dependencies": {
    "net7.0": {
      "AWSSDK.ECR": {
        "type": "Direct",
        "requested": "[3.7.100.147, )",
        "resolved": "3.7.100.147",
        "contentHash": "b0B2i0NOjg9zRZWrmGrW9lfxyxs00Mk26WlNjjJAS7U0upIvH+i1BV6ReqC5njSyub660KDkBUzaldbIAiF+hg==",
        "dependencies": {
          "AWSSDK.Core": "[3.7.107.8, 4.0.0)"
        }
      },
      "AWSSDK.ECRPublic": {
        "type": "Direct",
        "requested": "[3.7.102.37, )",
        "resolved": "3.7.102.37",
        "contentHash": "Q9xzim4TXhSv/m2+6HOF0Y4ooL+OmwqJDvpN2BY7ksctMT1wg1quVsa0pGABjFd00orjcBatZ57wFOgonpWCPQ==",
        "dependencies": {
          "AWSSDK.Core": "[3.7.107.8, 4.0.0)"
        }
      },
      "Nerdbank.GitVersioning": {
        "type": "Direct",
        "requested": "[3.5.119, )",
        "resolved": "3.5.119",
        "contentHash": "x8k4zV6YKZA5Rr810439lG9NngdbyPtFv0QpIYz32m1Im59kvSbEHO8gKGZoNvsfZSquayjEDUCa8acbut372g=="
      },
      "StyleCop.Analyzers": {
        "type": "Direct",
        "requested": "[1.2.0-beta.333, )",
        "resolved": "1.2.0-beta.333",
        "contentHash": "o2r6o6TVTb6VdTtWEYT88/SgixcujjZ3gXMktvI/aNkA3y0CxUSVZEL23OjFe4/sDiTvldkdhKEyAQP9Z8r5wA==",
        "dependencies": {
          "StyleCop.Analyzers.Unstable": "1.2.0.333"
        }
      },
      "AWSSDK.Core": {
        "type": "Transitive",
        "resolved": "3.7.107.8",
        "contentHash": "6S98e0sYWeSokj99E6fKDxWPXjQVoWhAS4He4yKssCYbKWW+C37x5OhKSx3FkLtNZj0F42KbqeG0qiNVN5z6pQ=="
      },
      "StyleCop.Analyzers.Unstable": {
        "type": "Transitive",
        "resolved": "1.2.0.333",
        "contentHash": "7mwxcwa3xZnyU71OTqSgntCDpsZ5gkc4saXhuJeyg5Xc+3xiQxzyhy26uG8rVF8Z7GKpXCsHCL3rd5ZomA+a/A=="
      }
    }
  }
}