{
  "version": 1,
  "dependencies": {
    "net6.0": {
      "AWSSDK.ECR": {
        "type": "Direct",
        "requested": "[3.7.4.54, )",
        "resolved": "3.7.4.54",
        "contentHash": "ykfPRZN4SmKRTBGLoKcdopryDX0A1tq1EV6d29mUVLTWrQf6KGuMbOSfH9nd3wj66K1Q2Hy3g+yPb8fwwA2hLA==",
        "dependencies": {
          "AWSSDK.Core": "[3.7.12.21, 4.0.0)"
        }
      },
      "AWSSDK.ECRPublic": {
        "type": "Direct",
        "requested": "[3.7.0.192, )",
        "resolved": "3.7.0.192",
        "contentHash": "3YK7hMCB1lAXMIe7xNN7W+QUFsmvQmfMranP5xgvfdCF186kRpgbymqcA7Py1iuAi0ZVHEAF74jkbXGt2YllvA==",
        "dependencies": {
          "AWSSDK.Core": "[3.7.12.21, 4.0.0)"
        }
      },
      "StyleCop.Analyzers": {
        "type": "Direct",
        "requested": "[1.2.0-beta.333, )",
        "resolved": "1.2.0-beta.333",
        "contentHash": "o2r6o6TVTb6VdTtWEYT88/SgixcujjZ3gXMktvI/aNkA3y0CxUSVZEL23OjFe4/sDiTvldkdhKEyAQP9Z8r5wA==",
        "dependencies": {
          "StyleCop.Analyzers.Unstable": "1.2.0.333"
        }
      },
      "AWSSDK.Core": {
        "type": "Transitive",
        "resolved": "3.7.12.21",
        "contentHash": "nKa0w3u+VKVJB6joat/mX7KtQFCVHkwpyLaE/og1eATe3mzSdiWC58YUlPTB3MqV/ng0/6uc9ih0H0kCt20a6A=="
      },
      "StyleCop.Analyzers.Unstable": {
        "type": "Transitive",
        "resolved": "1.2.0.333",
        "contentHash": "7mwxcwa3xZnyU71OTqSgntCDpsZ5gkc4saXhuJeyg5Xc+3xiQxzyhy26uG8rVF8Z7GKpXCsHCL3rd5ZomA+a/A=="
      }
    }
  }
}