{
  "version": 1,
  "dependencies": {
    "net6.0": {
      "AWSSDK.ECR": {
        "type": "Direct",
        "requested": "[3.7.4.31, )",
        "resolved": "3.7.4.31",
        "contentHash": "FxZvsxgo/DM7xuYDTJHZUjmYL9i2nblfPmlSI96Bv35AkMO/Q2ULRFoMaljzDkiVc12uXYDRzS4kVkdK7w6BnA==",
        "dependencies": {
          "AWSSDK.Core": "[3.7.11.13, 4.0.0)"
        }
      },
      "AWSSDK.ECRPublic": {
        "type": "Direct",
        "requested": "[3.7.0.169, )",
        "resolved": "3.7.0.169",
        "contentHash": "iSLri1Z02R0X5UtzBlxjYnX3F5/zOsMyJUTzx6uywKGTKIX0wyN07mt7yWKymkw/A2Vq1rJtyWnUznRbcUHjIg==",
        "dependencies": {
          "AWSSDK.Core": "[3.7.11.13, 4.0.0)"
        }
      },
      "StyleCop.Analyzers": {
        "type": "Direct",
        "requested": "[1.2.0-beta.333, )",
        "resolved": "1.2.0-beta.333",
        "contentHash": "o2r6o6TVTb6VdTtWEYT88/SgixcujjZ3gXMktvI/aNkA3y0CxUSVZEL23OjFe4/sDiTvldkdhKEyAQP9Z8r5wA==",
        "dependencies": {
          "StyleCop.Analyzers.Unstable": "1.2.0.333"
        }
      },
      "AWSSDK.Core": {
        "type": "Transitive",
        "resolved": "3.7.11.13",
        "contentHash": "5BUhEIWrcYV4yGrN6/rlOlD6hXzKAHbuv1cOt4xz2ioaxZwcQ3Zk3LFp1P/X6y88t8bLlFocLm43nwLboOCa1A=="
      },
      "StyleCop.Analyzers.Unstable": {
        "type": "Transitive",
        "resolved": "1.2.0.333",
        "contentHash": "7mwxcwa3xZnyU71OTqSgntCDpsZ5gkc4saXhuJeyg5Xc+3xiQxzyhy26uG8rVF8Z7GKpXCsHCL3rd5ZomA+a/A=="
      }
    }
  }
}