{
  "version": 1,
  "dependencies": {
    ".NETCoreApp,Version=v5.0": {
      "Majorsoft.Blazor.Extensions.BrowserStorage": {
        "type": "Direct",
        "requested": "[1.5.0, )",
        "resolved": "1.5.0",
        "contentHash": "KNlVUlAmc/GX2T5YJG1rnZ0YDEnF656s9Tl+tInw6+7j8FAFHAnDGrMjV7/eNQJh0rSgCgRshCJbAPdOQzFRMg==",
        "dependencies": {
          "Microsoft.AspNetCore.Components.Web": "5.0.3"
        }
      },
      "Microsoft.AspNetCore.Components.Authorization": {
        "type": "Direct",
        "requested": "[5.0.10, )",
        "resolved": "5.0.10",
        "contentHash": "Xuw7VmK8ZA0gudBCy/IX7kM2KKuuGUu5hdu9fqTiZxgy8FSDLoYZQRuEJNxF8RA52wnU6Ivk6GoEUGmra5/yyQ==",
        "dependencies": {
          "Microsoft.AspNetCore.Authorization": "5.0.10",
          "Microsoft.AspNetCore.Components": "5.0.10"
        }
      },
      "Microsoft.AspNetCore.Components.WebAssembly": {
        "type": "Direct",
        "requested": "[5.0.10, )",
        "resolved": "5.0.10",
        "contentHash": "qRC6l0QtFJyzDMg24f1fdyp0AGuFfif+48qW0tJHGkGhV1kYZf9dTQ6H6dcN0gqn/XdIA6E9kLp1Q2M9B9jmAA==",
        "dependencies": {
          "Microsoft.AspNetCore.Components.Web": "5.0.10",
          "Microsoft.Extensions.Configuration.Binder": "5.0.0",
          "Microsoft.Extensions.Configuration.Json": "5.0.0",
          "Microsoft.Extensions.Logging": "5.0.0",
          "Microsoft.JSInterop.WebAssembly": "5.0.10"
        }
      },
      "Microsoft.AspNetCore.Components.WebAssembly.DevServer": {
        "type": "Direct",
        "requested": "[5.0.10, )",
        "resolved": "5.0.10",
        "contentHash": "kysjrfWB05VJbjkkxHhXbNuT49B4YtLkTuHwfCxYvv6XytNXkR9qbJkOMJkS5Vt3WhNBIUj1JCkd5F/0qdBWJw=="
      },
      "StyleCop.Analyzers": {
        "type": "Direct",
        "requested": "[1.2.0-beta.333, )",
        "resolved": "1.2.0-beta.333",
        "contentHash": "o2r6o6TVTb6VdTtWEYT88/SgixcujjZ3gXMktvI/aNkA3y0CxUSVZEL23OjFe4/sDiTvldkdhKEyAQP9Z8r5wA==",
        "dependencies": {
          "StyleCop.Analyzers.Unstable": "1.2.0.333"
        }
      },
      "System.IdentityModel.Tokens.Jwt": {
        "type": "Direct",
        "requested": "[6.13.1, )",
        "resolved": "6.13.1",
        "contentHash": "BTVPnmvqpKxv+ucl3Ii7HnRVvXvfm/P5iq3rnTnJ0YuneZUS7zGtE+DRrVQWSd431ntjZuHBGPbjaB+nCSq9Uw==",
        "dependencies": {
          "Microsoft.IdentityModel.JsonWebTokens": "6.13.1",
          "Microsoft.IdentityModel.Tokens": "6.13.1"
        }
      },
      "Microsoft.AspNetCore.Authorization": {
        "type": "Transitive",
        "resolved": "5.0.10",
        "contentHash": "py8ztdwlg0HJCtjyn3zLm5iInUhlW638sS2oWT6YQZGdjJJHYbnFIZ6MD9laUKrH/31fJb8+VbN09bO68D9rrA==",
        "dependencies": {
          "Microsoft.AspNetCore.Metadata": "5.0.10",
          "Microsoft.Extensions.Logging.Abstractions": "5.0.0",
          "Microsoft.Extensions.Options": "5.0.0"
        }
      },
      "Microsoft.AspNetCore.Components": {
        "type": "Transitive",
        "resolved": "5.0.10",
        "contentHash": "ai3zixWImy3fqDiTBT0Svy9bqBi6h2N9EiO0nqQw29un45NEs7X3MIc3aJ/Pb1kNhWfErBbm0yjcKZhkarfNAw==",
        "dependencies": {
          "Microsoft.AspNetCore.Authorization": "5.0.10",
          "Microsoft.AspNetCore.Components.Analyzers": "5.0.10"
        }
      },
      "Microsoft.AspNetCore.Components.Analyzers": {
        "type": "Transitive",
        "resolved": "5.0.10",
        "contentHash": "YsGoiP+Cy/rdrvSw5RR5I1dI55lk/QbwMRDVjjGRJamJ5eHGAeBLpnd/bHDWt412NX1vocFRqYljx+zXojQa2g=="
      },
      "Microsoft.AspNetCore.Components.Forms": {
        "type": "Transitive",
        "resolved": "5.0.10",
        "contentHash": "s5jTlZlHg31BhEpn+EuvyomTaf4E72or3qUv1ulG7Fkn8GWThvZPfTE3QmAL2ONi38cRW+qRRxToNyrOtXaMDA==",
        "dependencies": {
          "Microsoft.AspNetCore.Components": "5.0.10"
        }
      },
      "Microsoft.AspNetCore.Components.Web": {
        "type": "Transitive",
        "resolved": "5.0.10",
        "contentHash": "uSpq1cqSBRUxg+gilMc4NRN7J2mzAVvNZABWLq+M1MIhq4yrcfQyHd0QDX+Ws+q+FyFn7PZz4JcptWFovh07SA==",
        "dependencies": {
          "Microsoft.AspNetCore.Components": "5.0.10",
          "Microsoft.AspNetCore.Components.Forms": "5.0.10",
          "Microsoft.Extensions.DependencyInjection": "5.0.2",
          "Microsoft.JSInterop": "5.0.10",
          "System.IO.Pipelines": "5.0.1"
        }
      },
      "Microsoft.AspNetCore.Cryptography.Internal": {
        "type": "Transitive",
        "resolved": "5.0.10",
        "contentHash": "xqdkq+lsWeVBxGq0bwgQeT1inqdFErG/McEBNqFVw0hnNQKxWaGPuBDFc8JBQC82Qn6+V1utI3lWvFmUMGEc8Q=="
      },
      "Microsoft.AspNetCore.Cryptography.KeyDerivation": {
        "type": "Transitive",
        "resolved": "5.0.10",
        "contentHash": "iXsPFNrM6cVGx/zCkz88nDP/pUKn/ni13B6JQhLwOoqI+tsA1x6fVfPp0MKnQtx5AZngGzuNMx+AYR1ED9ZVeg==",
        "dependencies": {
          "Microsoft.AspNetCore.Cryptography.Internal": "5.0.10"
        }
      },
      "Microsoft.AspNetCore.Identity.EntityFrameworkCore": {
        "type": "Transitive",
        "resolved": "5.0.10",
        "contentHash": "L9Tavjj82A9Ybo6Uedxu5CDie7DXXjx5tXLy3P0Ade2LXcrQwC4bJcdj8+QvBHqMnsd9ZsGZfO/T6tqxTYpAJg==",
        "dependencies": {
          "Microsoft.EntityFrameworkCore.Relational": "5.0.10",
          "Microsoft.Extensions.Identity.Stores": "5.0.10"
        }
      },
      "Microsoft.AspNetCore.Metadata": {
        "type": "Transitive",
        "resolved": "5.0.10",
        "contentHash": "qWqYHZT7slCbmdEHZd4hKnXRLKJjEuBBvuSu0GSSoqpJlyVYI9Wwv32R6lr658ozfuGNz/YzkmAEyqMLkFOGEg=="
      },
      "Microsoft.CSharp": {
        "type": "Transitive",
        "resolved": "4.5.0",
        "contentHash": "kaj6Wb4qoMuH3HySFJhxwQfe8R/sJsNJnANrvv8WdFPMoNbKY5htfNscv+LHCu5ipz+49m2e+WQXpLXr9XYemQ=="
      },
      "Microsoft.EntityFrameworkCore": {
        "type": "Transitive",
        "resolved": "5.0.10",
        "contentHash": "w5+5oewaQWDj4ChxxjLhdxIi98dK+kq7wvqnTco9PodkqHIDMfKk+5fQCQGLQrbhTdNaqyfYE1ApFP66mLXv6Q==",
        "dependencies": {
          "Microsoft.EntityFrameworkCore.Abstractions": "5.0.10",
          "Microsoft.EntityFrameworkCore.Analyzers": "5.0.10",
          "Microsoft.Extensions.Caching.Memory": "5.0.0",
          "Microsoft.Extensions.DependencyInjection": "5.0.2",
          "Microsoft.Extensions.Logging": "5.0.0",
          "System.Collections.Immutable": "5.0.0",
          "System.ComponentModel.Annotations": "5.0.0",
          "System.Diagnostics.DiagnosticSource": "5.0.1"
        }
      },
      "Microsoft.EntityFrameworkCore.Abstractions": {
        "type": "Transitive",
        "resolved": "5.0.10",
        "contentHash": "Ib85lZI/jxvsKcCS0GHVeqBv/JGzEvKa6HkoyxNu0EDmzDoh4OFl+dDKSx4Vr6I5YWT7nQj3sz6I4I0wHSN0xg=="
      },
      "Microsoft.EntityFrameworkCore.Analyzers": {
        "type": "Transitive",
        "resolved": "5.0.10",
        "contentHash": "MBnG+g6jrmK72y4rU+4y2btHrl72i2q3zrXG3pj2zZGXXrG9Q4SlwL5ul0ASmQXYjhJ4VpDfd4o1/gdRPsa2jA=="
      },
      "Microsoft.EntityFrameworkCore.Relational": {
        "type": "Transitive",
        "resolved": "5.0.10",
        "contentHash": "3l7GA+0y5E3kDOl85KRHhC0zXYA/CyQBQqDXvFGkqYzdPMRyWQkaQz2+yN4CN/SC+TVa48FPIAc2Wim8aWAliQ==",
        "dependencies": {
          "Microsoft.EntityFrameworkCore": "5.0.10",
          "Microsoft.Extensions.Configuration.Abstractions": "5.0.0"
        }
      },
      "Microsoft.Extensions.Caching.Abstractions": {
        "type": "Transitive",
        "resolved": "5.0.0",
        "contentHash": "bu8As90/SBAouMZ6fJ+qRNo1X+KgHGrVueFhhYi+E5WqEhcnp2HoWRFnMzXQ6g4RdZbvPowFerSbKNH4Dtg5yg==",
        "dependencies": {
          "Microsoft.Extensions.Primitives": "5.0.0"
        }
      },
      "Microsoft.Extensions.Caching.Memory": {
        "type": "Transitive",
        "resolved": "5.0.0",
        "contentHash": "/1qPCleFOkJe0O+xmFqCNLFYQZTJz965sVw8CUB/BQgsApBwzAUsL2BUkDvQW+geRUVTXUS9zLa0pBjC2VJ1gA==",
        "dependencies": {
          "Microsoft.Extensions.Caching.Abstractions": "5.0.0",
          "Microsoft.Extensions.DependencyInjection.Abstractions": "5.0.0",
          "Microsoft.Extensions.Logging.Abstractions": "5.0.0",
          "Microsoft.Extensions.Options": "5.0.0",
          "Microsoft.Extensions.Primitives": "5.0.0"
        }
      },
      "Microsoft.Extensions.Configuration": {
        "type": "Transitive",
        "resolved": "5.0.0",
        "contentHash": "LN322qEKHjuVEhhXueTUe7RNePooZmS8aGid5aK2woX3NPjSnONFyKUc6+JknOS6ce6h2tCLfKPTBXE3mN/6Ag==",
        "dependencies": {
          "Microsoft.Extensions.Configuration.Abstractions": "5.0.0",
          "Microsoft.Extensions.Primitives": "5.0.0"
        }
      },
      "Microsoft.Extensions.Configuration.Abstractions": {
        "type": "Transitive",
        "resolved": "5.0.0",
        "contentHash": "ETjSBHMp3OAZ4HxGQYpwyGsD8Sw5FegQXphi0rpoGMT74S4+I2mm7XJEswwn59XAaKOzC15oDSOWEE8SzDCd6Q==",
        "dependencies": {
          "Microsoft.Extensions.Primitives": "5.0.0"
        }
      },
      "Microsoft.Extensions.Configuration.Binder": {
        "type": "Transitive",
        "resolved": "5.0.0",
        "contentHash": "Of1Irt1+NzWO+yEYkuDh5TpT4On7LKl98Q9iLqCdOZps6XXEWDj3AKtmyvzJPVXZe4apmkJJIiDL7rR1yC+hjQ==",
        "dependencies": {
          "Microsoft.Extensions.Configuration.Abstractions": "5.0.0"
        }
      },
      "Microsoft.Extensions.Configuration.FileExtensions": {
        "type": "Transitive",
        "resolved": "5.0.0",
        "contentHash": "rRdspYKA18ViPOISwAihhCMbusHsARCOtDMwa23f+BGEdIjpKPlhs3LLjmKlxfhpGXBjIsS0JpXcChjRUN+PAw==",
        "dependencies": {
          "Microsoft.Extensions.Configuration": "5.0.0",
          "Microsoft.Extensions.Configuration.Abstractions": "5.0.0",
          "Microsoft.Extensions.FileProviders.Abstractions": "5.0.0",
          "Microsoft.Extensions.FileProviders.Physical": "5.0.0",
          "Microsoft.Extensions.Primitives": "5.0.0"
        }
      },
      "Microsoft.Extensions.Configuration.Json": {
        "type": "Transitive",
        "resolved": "5.0.0",
        "contentHash": "Pak8ymSUfdzPfBTLHxeOwcR32YDbuVfhnH2hkfOLnJNQd19ItlBdpMjIDY9C5O/nS2Sn9bzDMai0ZrvF7KyY/Q==",
        "dependencies": {
          "Microsoft.Extensions.Configuration": "5.0.0",
          "Microsoft.Extensions.Configuration.Abstractions": "5.0.0",
          "Microsoft.Extensions.Configuration.FileExtensions": "5.0.0",
          "Microsoft.Extensions.FileProviders.Abstractions": "5.0.0"
        }
      },
      "Microsoft.Extensions.DependencyInjection": {
        "type": "Transitive",
        "resolved": "5.0.2",
        "contentHash": "xzFW00AZEvOXM1OX+0+AYH5op/Hf3u//e6wszBd/rK72sypD+jx5CtsHxM4BVuFBEs8SajfO4QzSJtrQaHDr4A==",
        "dependencies": {
          "Microsoft.Extensions.DependencyInjection.Abstractions": "5.0.0"
        }
      },
      "Microsoft.Extensions.DependencyInjection.Abstractions": {
        "type": "Transitive",
        "resolved": "5.0.0",
        "contentHash": "ORj7Zh81gC69TyvmcUm9tSzytcy8AVousi+IVRAI8nLieQjOFryRusSFh7+aLk16FN9pQNqJAiMd7BTKINK0kA=="
      },
      "Microsoft.Extensions.FileProviders.Abstractions": {
        "type": "Transitive",
        "resolved": "5.0.0",
        "contentHash": "iuZIiZ3mteEb+nsUqpGXKx2cGF+cv6gWPd5jqQI4hzqdiJ6I94ddLjKhQOuRW1lueHwocIw30xbSHGhQj0zjdQ==",
        "dependencies": {
          "Microsoft.Extensions.Primitives": "5.0.0"
        }
      },
      "Microsoft.Extensions.FileProviders.Physical": {
        "type": "Transitive",
        "resolved": "5.0.0",
        "contentHash": "1rkd8UO2qf21biwO7X0hL9uHP7vtfmdv/NLvKgCRHkdz1XnW8zVQJXyEYiN68WYpExgtVWn55QF0qBzgfh1mGg==",
        "dependencies": {
          "Microsoft.Extensions.FileProviders.Abstractions": "5.0.0",
          "Microsoft.Extensions.FileSystemGlobbing": "5.0.0",
          "Microsoft.Extensions.Primitives": "5.0.0"
        }
      },
      "Microsoft.Extensions.FileSystemGlobbing": {
        "type": "Transitive",
        "resolved": "5.0.0",
        "contentHash": "ArliS8lGk8sWRtrWpqI8yUVYJpRruPjCDT+EIjrgkA/AAPRctlAkRISVZ334chAKktTLzD1+PK8F5IZpGedSqA=="
      },
      "Microsoft.Extensions.Identity.Core": {
        "type": "Transitive",
        "resolved": "5.0.10",
        "contentHash": "WKl22APvpTy+wIqvUd1Gvp8FOs7nTHCZDMeMNNC6fDVfzVKWQF55vOJXbkw7dU70sC6GewE/zsqmwyJAHXgDJw==",
        "dependencies": {
          "Microsoft.AspNetCore.Cryptography.KeyDerivation": "5.0.10",
          "Microsoft.Extensions.Logging": "5.0.0",
          "Microsoft.Extensions.Options": "5.0.0"
        }
      },
      "Microsoft.Extensions.Identity.Stores": {
        "type": "Transitive",
        "resolved": "5.0.10",
        "contentHash": "fZDlK8G+jzV9ld0jiO2eQ5JQbOmpiND92gX7bP6rcTZ7YJHzIxCw7Hx8+yf4Ex9f6q7v2LJymkmsUz1k7o5nPg==",
        "dependencies": {
          "Microsoft.Extensions.Caching.Abstractions": "5.0.0",
          "Microsoft.Extensions.Identity.Core": "5.0.10",
          "Microsoft.Extensions.Logging": "5.0.0"
        }
      },
      "Microsoft.Extensions.Logging": {
        "type": "Transitive",
        "resolved": "5.0.0",
        "contentHash": "MgOwK6tPzB6YNH21wssJcw/2MKwee8b2gI7SllYfn6rvTpIrVvVS5HAjSU2vqSku1fwqRvWP0MdIi14qjd93Aw==",
        "dependencies": {
          "Microsoft.Extensions.DependencyInjection": "5.0.0",
          "Microsoft.Extensions.DependencyInjection.Abstractions": "5.0.0",
          "Microsoft.Extensions.Logging.Abstractions": "5.0.0",
          "Microsoft.Extensions.Options": "5.0.0"
        }
      },
      "Microsoft.Extensions.Logging.Abstractions": {
        "type": "Transitive",
        "resolved": "5.0.0",
        "contentHash": "NxP6ahFcBnnSfwNBi2KH2Oz8Xl5Sm2krjId/jRR3I7teFphwiUoUeZPwTNA21EX+5PtjqmyAvKaOeBXcJjcH/w=="
      },
      "Microsoft.Extensions.Options": {
        "type": "Transitive",
        "resolved": "5.0.0",
        "contentHash": "CBvR92TCJ5uBIdd9/HzDSrxYak+0W/3+yxrNg8Qm6Bmrkh5L+nu6m3WeazQehcZ5q1/6dDA7J5YdQjim0165zg==",
        "dependencies": {
          "Microsoft.Extensions.DependencyInjection.Abstractions": "5.0.0",
          "Microsoft.Extensions.Primitives": "5.0.0"
        }
      },
      "Microsoft.Extensions.Primitives": {
        "type": "Transitive",
        "resolved": "5.0.0",
        "contentHash": "cI/VWn9G1fghXrNDagX9nYaaB/nokkZn0HYAawGaELQrl8InSezfe9OnfPZLcJq3esXxygh3hkq2c3qoV3SDyQ=="
      },
      "Microsoft.IdentityModel.JsonWebTokens": {
        "type": "Transitive",
        "resolved": "6.13.1",
        "contentHash": "seLGCIo8bDz93PGgKY9vV4PAHpu1iXwH4Xm6O+HOJbIcnpiJz4f4C/MVFKfOb+yKGMtix2qyFkQMKOdVmArn0Q==",
        "dependencies": {
          "Microsoft.IdentityModel.Tokens": "6.13.1"
        }
      },
      "Microsoft.IdentityModel.Logging": {
        "type": "Transitive",
        "resolved": "6.13.1",
        "contentHash": "pUr0kicIy3cNgrapB7old+N+OithDcowO/uqOg/z9dMC8u25/1YS7QirJWKi/0z31fBOE/uEFBHfSfnRCKRxsA=="
      },
      "Microsoft.IdentityModel.Tokens": {
        "type": "Transitive",
        "resolved": "6.13.1",
        "contentHash": "tUTbP9/wMuOGDiTBPXEN24M9rVAEJ8EOvk4pwoo5UKRNUK3bAZYqkzFpcgNOAY3PHHjwZJ2stk4Gf5jvspz0yg==",
        "dependencies": {
          "Microsoft.CSharp": "4.5.0",
          "Microsoft.IdentityModel.Logging": "6.13.1",
          "System.Security.Cryptography.Cng": "4.5.0"
        }
      },
      "Microsoft.JSInterop": {
        "type": "Transitive",
        "resolved": "5.0.10",
        "contentHash": "oC1RHo289Fd54iM1mJCZrINUIJ/ijQciSxF5IWU67w/c5n84Lx4v63YFgwTL1lr7ILatD/MEz2Fj0NtO+dzuLg=="
      },
      "Microsoft.JSInterop.WebAssembly": {
        "type": "Transitive",
        "resolved": "5.0.10",
        "contentHash": "4YcpoMSGVWxc1dYV8VtxPhPKPGz8krH1aOGqOrBE6739Wppyp6gxTZQowBOQYiHBhpH2s+BhqJgaaAkibnIgQA==",
        "dependencies": {
          "Microsoft.JSInterop": "5.0.10"
        }
      },
      "StyleCop.Analyzers.Unstable": {
        "type": "Transitive",
        "resolved": "1.2.0.333",
        "contentHash": "7mwxcwa3xZnyU71OTqSgntCDpsZ5gkc4saXhuJeyg5Xc+3xiQxzyhy26uG8rVF8Z7GKpXCsHCL3rd5ZomA+a/A=="
      },
      "System.Collections.Immutable": {
        "type": "Transitive",
        "resolved": "5.0.0",
        "contentHash": "FXkLXiK0sVVewcso0imKQoOxjoPAj42R8HtjjbSjVPAzwDfzoyoznWxgA3c38LDbN9SJux1xXoXYAhz98j7r2g=="
      },
      "System.ComponentModel.Annotations": {
        "type": "Transitive",
        "resolved": "5.0.0",
        "contentHash": "dMkqfy2el8A8/I76n2Hi1oBFEbG1SfxD2l5nhwXV3XjlnOmwxJlQbYpJH4W51odnU9sARCSAgv7S3CyAFMkpYg=="
      },
      "System.Diagnostics.DiagnosticSource": {
        "type": "Transitive",
        "resolved": "5.0.1",
        "contentHash": "uXQEYqav2V3zP6OwkOKtLv+qIi6z3m1hsGyKwXX7ZA7htT4shoVccGxnJ9kVRFPNAsi1ArZTq2oh7WOto6GbkQ=="
      },
      "System.IO.Pipelines": {
        "type": "Transitive",
        "resolved": "5.0.1",
        "contentHash": "qEePWsaq9LoEEIqhbGe6D5J8c9IqQOUuTzzV6wn1POlfdLkJliZY3OlB0j0f17uMWlqZYjH7txj+2YbyrIA8Yg=="
      },
      "System.Security.Cryptography.Cng": {
        "type": "Transitive",
        "resolved": "4.5.0",
        "contentHash": "WG3r7EyjUe9CMPFSs6bty5doUqT+q9pbI80hlNzo2SkPkZ4VTuZkGWjpp77JB8+uaL4DFPRdBsAY+DX3dBK92A=="
      },
      "common": {
        "type": "Project",
        "dependencies": {
          "Microsoft.AspNetCore.Identity.EntityFrameworkCore": "5.0.10"
        }
      }
    },
    ".NETCoreApp,Version=v5.0/browser-wasm": {
      "System.Security.Cryptography.Cng": {
        "type": "Transitive",
        "resolved": "4.5.0",
        "contentHash": "WG3r7EyjUe9CMPFSs6bty5doUqT+q9pbI80hlNzo2SkPkZ4VTuZkGWjpp77JB8+uaL4DFPRdBsAY+DX3dBK92A=="
      }
    }
  }
}