{
  "version": 1,
  "dependencies": {
    ".NETCoreApp,Version=v5.0": {
      "Majorsoft.Blazor.Extensions.BrowserStorage": {
        "type": "Direct",
        "requested": "[1.5.0, )",
        "resolved": "1.5.0",
        "contentHash": "KNlVUlAmc/GX2T5YJG1rnZ0YDEnF656s9Tl+tInw6+7j8FAFHAnDGrMjV7/eNQJh0rSgCgRshCJbAPdOQzFRMg==",
        "dependencies": {
          "Microsoft.AspNetCore.Components.Web": "5.0.3"
        }
      },
      "Microsoft.AspNetCore.Components.Authorization": {
        "type": "Direct",
        "requested": "[5.0.11, )",
        "resolved": "5.0.11",
        "contentHash": "ylX6x96sdwP3LpAYZT+SblMUQgBOaFXR2+mhjeEXycJhYKItbo6F8F3u90hX4yMR9LYKiQqgZXx4yQ6LAoupIA==",
        "dependencies": {
          "Microsoft.AspNetCore.Authorization": "5.0.11",
          "Microsoft.AspNetCore.Components": "5.0.11"
        }
      },
      "Microsoft.AspNetCore.Components.WebAssembly": {
        "type": "Direct",
        "requested": "[5.0.11, )",
        "resolved": "5.0.11",
        "contentHash": "ex1nTBSrls1A7IRBK+31fvN9J9Mmna+HQS0nxM70lh5GQimgLOm1VLg9iM9Rrd+h47Pxde9sgl/WcShsWONk3A==",
        "dependencies": {
          "Microsoft.AspNetCore.Components.Web": "5.0.11",
          "Microsoft.Extensions.Configuration.Binder": "5.0.0",
          "Microsoft.Extensions.Configuration.Json": "5.0.0",
          "Microsoft.Extensions.Logging": "5.0.0",
          "Microsoft.JSInterop.WebAssembly": "5.0.11"
        }
      },
      "Microsoft.AspNetCore.Components.WebAssembly.DevServer": {
        "type": "Direct",
        "requested": "[5.0.11, )",
        "resolved": "5.0.11",
        "contentHash": "N7IHx7WpKAGgcrkqjzpZbm0AwIGMAT1UlrE3Pqjzw2+4NFpKFUz+iLjFFxSNOmZeADfKcb2oXHNo6BpWgF7Zuw=="
      },
      "StyleCop.Analyzers": {
        "type": "Direct",
        "requested": "[1.2.0-beta.333, )",
        "resolved": "1.2.0-beta.333",
        "contentHash": "o2r6o6TVTb6VdTtWEYT88/SgixcujjZ3gXMktvI/aNkA3y0CxUSVZEL23OjFe4/sDiTvldkdhKEyAQP9Z8r5wA==",
        "dependencies": {
          "StyleCop.Analyzers.Unstable": "1.2.0.333"
        }
      },
      "System.IdentityModel.Tokens.Jwt": {
        "type": "Direct",
        "requested": "[6.14.0, )",
        "resolved": "6.14.0",
        "contentHash": "F4hb25W4JsPHmjtF30RCsJ3+Zk69wRbZeGwvUpeKWCCEfx6R8yFxaLX0ge2EffzYiwUk6h7+dIRPk/xZr81v9w==",
        "dependencies": {
          "Microsoft.IdentityModel.JsonWebTokens": "6.14.0",
          "Microsoft.IdentityModel.Tokens": "6.14.0"
        }
      },
      "Microsoft.AspNetCore.Authorization": {
        "type": "Transitive",
        "resolved": "5.0.11",
        "contentHash": "LlxMpRykUVpM+KesasvJXKvB+6kYMW4QHldsIT1y8Diwaxf0U70aVvVp1crZbLIAdRF+4Che5iSh4Xrv2wTW5w==",
        "dependencies": {
          "Microsoft.AspNetCore.Metadata": "5.0.11",
          "Microsoft.Extensions.Logging.Abstractions": "5.0.0",
          "Microsoft.Extensions.Options": "5.0.0"
        }
      },
      "Microsoft.AspNetCore.Components": {
        "type": "Transitive",
        "resolved": "5.0.11",
        "contentHash": "XqUUl7p8LEVhuWKFRcfTN2kUFF06Z7a4u4BjXhuYpplpne6cRZv6umW2UL76zYLE+6tON9/mU89bv/lMFwCn5g==",
        "dependencies": {
          "Microsoft.AspNetCore.Authorization": "5.0.11",
          "Microsoft.AspNetCore.Components.Analyzers": "5.0.11"
        }
      },
      "Microsoft.AspNetCore.Components.Analyzers": {
        "type": "Transitive",
        "resolved": "5.0.11",
        "contentHash": "2yx5LMJYTxDNUVqBGvl4Ygzgu91DeTkVkDnctE2uMEnJC+ZRT6p86XCWueR+KDLpymsSA9NolwPPbBp9/e7iMQ=="
      },
      "Microsoft.AspNetCore.Components.Forms": {
        "type": "Transitive",
        "resolved": "5.0.11",
        "contentHash": "pBPeIZ2RKcJ9QzcZ4/36FHkEkHBm/IwROe09nBTGAn5wxybEm9OtmrHHba4JB3wNlZCfYT/eNvTzYWdLjPHlVw==",
        "dependencies": {
          "Microsoft.AspNetCore.Components": "5.0.11"
        }
      },
      "Microsoft.AspNetCore.Components.Web": {
        "type": "Transitive",
        "resolved": "5.0.11",
        "contentHash": "ozVqFhv92x2Ba5kGJL2tErW0T+AN5YE/2z7rBhw2zX3+Mlh93NoFbNqXqHBy7cZTYOpkP/UpRwzAjE29E9i+VQ==",
        "dependencies": {
          "Microsoft.AspNetCore.Components": "5.0.11",
          "Microsoft.AspNetCore.Components.Forms": "5.0.11",
          "Microsoft.Extensions.DependencyInjection": "5.0.2",
          "Microsoft.JSInterop": "5.0.11",
          "System.IO.Pipelines": "5.0.1"
        }
      },
      "Microsoft.AspNetCore.Cryptography.Internal": {
        "type": "Transitive",
        "resolved": "5.0.11",
        "contentHash": "nXTx115zxvQtIV75oTXMnpljCHLPKW7sdisf4UIKe3hRpa9U5R53l+BHf9W7pxbbjd76/iYVTjXmS89yN9vF6w=="
      },
      "Microsoft.AspNetCore.Cryptography.KeyDerivation": {
        "type": "Transitive",
        "resolved": "5.0.11",
        "contentHash": "KRSJKv0xE1yIntsgy7T4M4zmjDEjg/KvdG55/1PBFBxFP3hyg3qtDPJhSw1GRT0Q3svjDYXsqqzvM6e4L8dZlA==",
        "dependencies": {
          "Microsoft.AspNetCore.Cryptography.Internal": "5.0.11"
        }
      },
      "Microsoft.AspNetCore.Identity.EntityFrameworkCore": {
        "type": "Transitive",
        "resolved": "5.0.11",
        "contentHash": "jg3uDmnpDH4McVDVvfmOBSoaWjrGl+yWnsgbCfIvJV887wIG/3oFEYTpqFyaLh31Q5hOsJ2XwcVVJKxpDqBUzA==",
        "dependencies": {
          "Microsoft.EntityFrameworkCore.Relational": "5.0.11",
          "Microsoft.Extensions.Identity.Stores": "5.0.11"
        }
      },
      "Microsoft.AspNetCore.Metadata": {
        "type": "Transitive",
        "resolved": "5.0.11",
        "contentHash": "C3Joc42oDMRsXW7021xZSJxIq5no4nnuRwYTvvpLtGNoUt4i4/taJzZIl3rrXmbm5Ck1Yrvjq11IZ1DD1qlC9A=="
      },
      "Microsoft.CSharp": {
        "type": "Transitive",
        "resolved": "4.5.0",
        "contentHash": "kaj6Wb4qoMuH3HySFJhxwQfe8R/sJsNJnANrvv8WdFPMoNbKY5htfNscv+LHCu5ipz+49m2e+WQXpLXr9XYemQ=="
      },
      "Microsoft.EntityFrameworkCore": {
        "type": "Transitive",
        "resolved": "5.0.11",
        "contentHash": "2DQJvH6NRPRKPOR6ZaJe2pDn0bSpQZSzHk+7QatFo06KfvP3Tixy5DAOviXkP6963FEQMuVDSvZef1amORBnaw==",
        "dependencies": {
          "Microsoft.EntityFrameworkCore.Abstractions": "5.0.11",
          "Microsoft.EntityFrameworkCore.Analyzers": "5.0.11",
          "Microsoft.Extensions.Caching.Memory": "5.0.0",
          "Microsoft.Extensions.DependencyInjection": "5.0.2",
          "Microsoft.Extensions.Logging": "5.0.0",
          "System.Collections.Immutable": "5.0.0",
          "System.ComponentModel.Annotations": "5.0.0",
          "System.Diagnostics.DiagnosticSource": "5.0.1"
        }
      },
      "Microsoft.EntityFrameworkCore.Abstractions": {
        "type": "Transitive",
        "resolved": "5.0.11",
        "contentHash": "Ut1BeIwAavUncIChZ0jM7qdqVsnLI1i2eCn/7rdqpVW/JldPFMQzlCMBtiq7dGuVMSniDNUnc93olYtttyD/Fg=="
      },
      "Microsoft.EntityFrameworkCore.Analyzers": {
        "type": "Transitive",
        "resolved": "5.0.11",
        "contentHash": "6vCGQY0H667qkV5fGuhHzWPveF0dpEwEs9xQyDgamwxkIN7LrPHQGp2eOXj6xVF+i8noTLtTR4sNMizKSnI2JA=="
      },
      "Microsoft.EntityFrameworkCore.Relational": {
        "type": "Transitive",
        "resolved": "5.0.11",
        "contentHash": "6JLLJbi5Rh2LicrGi7nnhbmkQGCKi72uhjlAY/ozJr6cJdHOaMCUeWfglgrXUwvA5C+oE814eOxjeTdEF9oTyQ==",
        "dependencies": {
          "Microsoft.EntityFrameworkCore": "5.0.11",
          "Microsoft.Extensions.Configuration.Abstractions": "5.0.0"
        }
      },
      "Microsoft.Extensions.Caching.Abstractions": {
        "type": "Transitive",
        "resolved": "5.0.0",
        "contentHash": "bu8As90/SBAouMZ6fJ+qRNo1X+KgHGrVueFhhYi+E5WqEhcnp2HoWRFnMzXQ6g4RdZbvPowFerSbKNH4Dtg5yg==",
        "dependencies": {
          "Microsoft.Extensions.Primitives": "5.0.0"
        }
      },
      "Microsoft.Extensions.Caching.Memory": {
        "type": "Transitive",
        "resolved": "5.0.0",
        "contentHash": "/1qPCleFOkJe0O+xmFqCNLFYQZTJz965sVw8CUB/BQgsApBwzAUsL2BUkDvQW+geRUVTXUS9zLa0pBjC2VJ1gA==",
        "dependencies": {
          "Microsoft.Extensions.Caching.Abstractions": "5.0.0",
          "Microsoft.Extensions.DependencyInjection.Abstractions": "5.0.0",
          "Microsoft.Extensions.Logging.Abstractions": "5.0.0",
          "Microsoft.Extensions.Options": "5.0.0",
          "Microsoft.Extensions.Primitives": "5.0.0"
        }
      },
      "Microsoft.Extensions.Configuration": {
        "type": "Transitive",
        "resolved": "5.0.0",
        "contentHash": "LN322qEKHjuVEhhXueTUe7RNePooZmS8aGid5aK2woX3NPjSnONFyKUc6+JknOS6ce6h2tCLfKPTBXE3mN/6Ag==",
        "dependencies": {
          "Microsoft.Extensions.Configuration.Abstractions": "5.0.0",
          "Microsoft.Extensions.Primitives": "5.0.0"
        }
      },
      "Microsoft.Extensions.Configuration.Abstractions": {
        "type": "Transitive",
        "resolved": "5.0.0",
        "contentHash": "ETjSBHMp3OAZ4HxGQYpwyGsD8Sw5FegQXphi0rpoGMT74S4+I2mm7XJEswwn59XAaKOzC15oDSOWEE8SzDCd6Q==",
        "dependencies": {
          "Microsoft.Extensions.Primitives": "5.0.0"
        }
      },
      "Microsoft.Extensions.Configuration.Binder": {
        "type": "Transitive",
        "resolved": "5.0.0",
        "contentHash": "Of1Irt1+NzWO+yEYkuDh5TpT4On7LKl98Q9iLqCdOZps6XXEWDj3AKtmyvzJPVXZe4apmkJJIiDL7rR1yC+hjQ==",
        "dependencies": {
          "Microsoft.Extensions.Configuration.Abstractions": "5.0.0"
        }
      },
      "Microsoft.Extensions.Configuration.FileExtensions": {
        "type": "Transitive",
        "resolved": "5.0.0",
        "contentHash": "rRdspYKA18ViPOISwAihhCMbusHsARCOtDMwa23f+BGEdIjpKPlhs3LLjmKlxfhpGXBjIsS0JpXcChjRUN+PAw==",
        "dependencies": {
          "Microsoft.Extensions.Configuration": "5.0.0",
          "Microsoft.Extensions.Configuration.Abstractions": "5.0.0",
          "Microsoft.Extensions.FileProviders.Abstractions": "5.0.0",
          "Microsoft.Extensions.FileProviders.Physical": "5.0.0",
          "Microsoft.Extensions.Primitives": "5.0.0"
        }
      },
      "Microsoft.Extensions.Configuration.Json": {
        "type": "Transitive",
        "resolved": "5.0.0",
        "contentHash": "Pak8ymSUfdzPfBTLHxeOwcR32YDbuVfhnH2hkfOLnJNQd19ItlBdpMjIDY9C5O/nS2Sn9bzDMai0ZrvF7KyY/Q==",
        "dependencies": {
          "Microsoft.Extensions.Configuration": "5.0.0",
          "Microsoft.Extensions.Configuration.Abstractions": "5.0.0",
          "Microsoft.Extensions.Configuration.FileExtensions": "5.0.0",
          "Microsoft.Extensions.FileProviders.Abstractions": "5.0.0"
        }
      },
      "Microsoft.Extensions.DependencyInjection": {
        "type": "Transitive",
        "resolved": "5.0.2",
        "contentHash": "xzFW00AZEvOXM1OX+0+AYH5op/Hf3u//e6wszBd/rK72sypD+jx5CtsHxM4BVuFBEs8SajfO4QzSJtrQaHDr4A==",
        "dependencies": {
          "Microsoft.Extensions.DependencyInjection.Abstractions": "5.0.0"
        }
      },
      "Microsoft.Extensions.DependencyInjection.Abstractions": {
        "type": "Transitive",
        "resolved": "5.0.0",
        "contentHash": "ORj7Zh81gC69TyvmcUm9tSzytcy8AVousi+IVRAI8nLieQjOFryRusSFh7+aLk16FN9pQNqJAiMd7BTKINK0kA=="
      },
      "Microsoft.Extensions.FileProviders.Abstractions": {
        "type": "Transitive",
        "resolved": "5.0.0",
        "contentHash": "iuZIiZ3mteEb+nsUqpGXKx2cGF+cv6gWPd5jqQI4hzqdiJ6I94ddLjKhQOuRW1lueHwocIw30xbSHGhQj0zjdQ==",
        "dependencies": {
          "Microsoft.Extensions.Primitives": "5.0.0"
        }
      },
      "Microsoft.Extensions.FileProviders.Physical": {
        "type": "Transitive",
        "resolved": "5.0.0",
        "contentHash": "1rkd8UO2qf21biwO7X0hL9uHP7vtfmdv/NLvKgCRHkdz1XnW8zVQJXyEYiN68WYpExgtVWn55QF0qBzgfh1mGg==",
        "dependencies": {
          "Microsoft.Extensions.FileProviders.Abstractions": "5.0.0",
          "Microsoft.Extensions.FileSystemGlobbing": "5.0.0",
          "Microsoft.Extensions.Primitives": "5.0.0"
        }
      },
      "Microsoft.Extensions.FileSystemGlobbing": {
        "type": "Transitive",
        "resolved": "5.0.0",
        "contentHash": "ArliS8lGk8sWRtrWpqI8yUVYJpRruPjCDT+EIjrgkA/AAPRctlAkRISVZ334chAKktTLzD1+PK8F5IZpGedSqA=="
      },
      "Microsoft.Extensions.Identity.Core": {
        "type": "Transitive",
        "resolved": "5.0.11",
        "contentHash": "Z8rMFqOfdGltXoIqCab/3i8v8jHuaEoc9KPuiQmgwX6w0Zs+vg9gQ4w8fwrc97NXhInkOzU3ue0EOeuGNtdc4g==",
        "dependencies": {
          "Microsoft.AspNetCore.Cryptography.KeyDerivation": "5.0.11",
          "Microsoft.Extensions.Logging": "5.0.0",
          "Microsoft.Extensions.Options": "5.0.0"
        }
      },
      "Microsoft.Extensions.Identity.Stores": {
        "type": "Transitive",
        "resolved": "5.0.11",
        "contentHash": "PZ5rdwgviEPeVoOX09g/No4+JjcHTDtbUy6M+9i/8qApRG5tUxcvJs9T0/GW6e37Vzo6Zq1WeiJW1mc12v+U1Q==",
        "dependencies": {
          "Microsoft.Extensions.Caching.Abstractions": "5.0.0",
          "Microsoft.Extensions.Identity.Core": "5.0.11",
          "Microsoft.Extensions.Logging": "5.0.0"
        }
      },
      "Microsoft.Extensions.Logging": {
        "type": "Transitive",
        "resolved": "5.0.0",
        "contentHash": "MgOwK6tPzB6YNH21wssJcw/2MKwee8b2gI7SllYfn6rvTpIrVvVS5HAjSU2vqSku1fwqRvWP0MdIi14qjd93Aw==",
        "dependencies": {
          "Microsoft.Extensions.DependencyInjection": "5.0.0",
          "Microsoft.Extensions.DependencyInjection.Abstractions": "5.0.0",
          "Microsoft.Extensions.Logging.Abstractions": "5.0.0",
          "Microsoft.Extensions.Options": "5.0.0"
        }
      },
      "Microsoft.Extensions.Logging.Abstractions": {
        "type": "Transitive",
        "resolved": "5.0.0",
        "contentHash": "NxP6ahFcBnnSfwNBi2KH2Oz8Xl5Sm2krjId/jRR3I7teFphwiUoUeZPwTNA21EX+5PtjqmyAvKaOeBXcJjcH/w=="
      },
      "Microsoft.Extensions.Options": {
        "type": "Transitive",
        "resolved": "5.0.0",
        "contentHash": "CBvR92TCJ5uBIdd9/HzDSrxYak+0W/3+yxrNg8Qm6Bmrkh5L+nu6m3WeazQehcZ5q1/6dDA7J5YdQjim0165zg==",
        "dependencies": {
          "Microsoft.Extensions.DependencyInjection.Abstractions": "5.0.0",
          "Microsoft.Extensions.Primitives": "5.0.0"
        }
      },
      "Microsoft.Extensions.Primitives": {
        "type": "Transitive",
        "resolved": "5.0.0",
        "contentHash": "cI/VWn9G1fghXrNDagX9nYaaB/nokkZn0HYAawGaELQrl8InSezfe9OnfPZLcJq3esXxygh3hkq2c3qoV3SDyQ=="
      },
      "Microsoft.IdentityModel.JsonWebTokens": {
        "type": "Transitive",
        "resolved": "6.14.0",
        "contentHash": "o0f4rLY2W7A8aTT38cMjPzjXb2TgRcHNqtwmzoCypiw/YFFGXdEYoSEv8kINwWeaed8Bs4JfDWFGcqnWBB/p/A==",
        "dependencies": {
          "Microsoft.IdentityModel.Tokens": "6.14.0"
        }
      },
      "Microsoft.IdentityModel.Logging": {
        "type": "Transitive",
        "resolved": "6.14.0",
        "contentHash": "pkm2VR7txYBqaO2ranAcWdC+Gh6e79zrW+Y2+Eq78XFwEY1YXlF6diGYXJxVIpEtq7eXGV4NLwOHHxJwtLuvgA=="
      },
      "Microsoft.IdentityModel.Tokens": {
        "type": "Transitive",
        "resolved": "6.14.0",
        "contentHash": "OCtjKlaV4UjqgpVf80SODui+hc5Fd/ZIt6cVzvNynMwzZZXLx3kZbuuOIzZHCIx9N8q/7Tl6MTWGkeWw+UL4aA==",
        "dependencies": {
          "Microsoft.CSharp": "4.5.0",
          "Microsoft.IdentityModel.Logging": "6.14.0",
          "System.Security.Cryptography.Cng": "4.5.0"
        }
      },
      "Microsoft.JSInterop": {
        "type": "Transitive",
        "resolved": "5.0.11",
        "contentHash": "AFf8/lblhAFyjcga+fFR0ZNzxahn3hmI+dcnFhQ7anY5JYMSuUi/eIZNL5IL6nbfzNxh+KOP0qD4k9mP8ERxEQ=="
      },
      "Microsoft.JSInterop.WebAssembly": {
        "type": "Transitive",
        "resolved": "5.0.11",
        "contentHash": "Cff6lcEzyToml04DRmTQRCtj++MzXwmtbRAJN8/loUxVrqNwMyoFU+RhSV1XMERveMp/qr9U0zTEA6GDUudOtg==",
        "dependencies": {
          "Microsoft.JSInterop": "5.0.11"
        }
      },
      "StyleCop.Analyzers.Unstable": {
        "type": "Transitive",
        "resolved": "1.2.0.333",
        "contentHash": "7mwxcwa3xZnyU71OTqSgntCDpsZ5gkc4saXhuJeyg5Xc+3xiQxzyhy26uG8rVF8Z7GKpXCsHCL3rd5ZomA+a/A=="
      },
      "System.Collections.Immutable": {
        "type": "Transitive",
        "resolved": "5.0.0",
        "contentHash": "FXkLXiK0sVVewcso0imKQoOxjoPAj42R8HtjjbSjVPAzwDfzoyoznWxgA3c38LDbN9SJux1xXoXYAhz98j7r2g=="
      },
      "System.ComponentModel.Annotations": {
        "type": "Transitive",
        "resolved": "5.0.0",
        "contentHash": "dMkqfy2el8A8/I76n2Hi1oBFEbG1SfxD2l5nhwXV3XjlnOmwxJlQbYpJH4W51odnU9sARCSAgv7S3CyAFMkpYg=="
      },
      "System.Diagnostics.DiagnosticSource": {
        "type": "Transitive",
        "resolved": "5.0.1",
        "contentHash": "uXQEYqav2V3zP6OwkOKtLv+qIi6z3m1hsGyKwXX7ZA7htT4shoVccGxnJ9kVRFPNAsi1ArZTq2oh7WOto6GbkQ=="
      },
      "System.IO.Pipelines": {
        "type": "Transitive",
        "resolved": "5.0.1",
        "contentHash": "qEePWsaq9LoEEIqhbGe6D5J8c9IqQOUuTzzV6wn1POlfdLkJliZY3OlB0j0f17uMWlqZYjH7txj+2YbyrIA8Yg=="
      },
      "System.Security.Cryptography.Cng": {
        "type": "Transitive",
        "resolved": "4.5.0",
        "contentHash": "WG3r7EyjUe9CMPFSs6bty5doUqT+q9pbI80hlNzo2SkPkZ4VTuZkGWjpp77JB8+uaL4DFPRdBsAY+DX3dBK92A=="
      },
      "common": {
        "type": "Project",
        "dependencies": {
          "Microsoft.AspNetCore.Identity.EntityFrameworkCore": "5.0.11"
        }
      }
    },
    ".NETCoreApp,Version=v5.0/browser-wasm": {
      "System.Security.Cryptography.Cng": {
        "type": "Transitive",
        "resolved": "4.5.0",
        "contentHash": "WG3r7EyjUe9CMPFSs6bty5doUqT+q9pbI80hlNzo2SkPkZ4VTuZkGWjpp77JB8+uaL4DFPRdBsAY+DX3dBK92A=="
      }
    }
  }
}