{
  "version": 1,
  "dependencies": {
    "net6.0": {
      "Microsoft.EntityFrameworkCore.Design": {
        "type": "Direct",
        "requested": "[6.0.9, )",
        "resolved": "6.0.9",
        "contentHash": "F+1dYjaxMG181+seb2xK4uLU1UoTR0UZRcfYzSQFfVFwAyWtCp3uooNorWYE3BnJAHNEVJgsGmlfYAEGsrewqg==",
        "dependencies": {
          "Humanizer.Core": "2.8.26",
          "Microsoft.EntityFrameworkCore.Relational": "6.0.9"
        }
      },
      "Microsoft.Extensions.Configuration": {
        "type": "Direct",
        "requested": "[6.0.1, )",
        "resolved": "6.0.1",
        "contentHash": "BUyFU9t+HzlSE7ri4B+AQN2BgTgHv/uM82s5ZkgU1BApyzWzIl48nDsG5wR1t0pniNuuyTBzG3qCW8152/NtSw==",
        "dependencies": {
          "Microsoft.Extensions.Configuration.Abstractions": "6.0.0",
          "Microsoft.Extensions.Primitives": "6.0.0"
        }
      },
      "Microsoft.Extensions.Configuration.Binder": {
        "type": "Direct",
        "requested": "[6.0.0, )",
        "resolved": "6.0.0",
        "contentHash": "b3ErKzND8LIC7o08QAVlKfaEIYEvLJbtmVbFZVBRXeu9YkKfSSzLZfR1SUfQPBIy9mKLhEtJgGYImkcMNaKE0A==",
        "dependencies": {
          "Microsoft.Extensions.Configuration.Abstractions": "6.0.0"
        }
      },
      "Microsoft.Extensions.Configuration.EnvironmentVariables": {
        "type": "Direct",
        "requested": "[6.0.1, )",
        "resolved": "6.0.1",
        "contentHash": "pnyXV1LFOsYjGveuC07xp0YHIyGq7jRq5Ncb5zrrIieMLWVwgMyYxcOH0jTnBedDT4Gh1QinSqsjqzcieHk1og==",
        "dependencies": {
          "Microsoft.Extensions.Configuration": "6.0.0",
          "Microsoft.Extensions.Configuration.Abstractions": "6.0.0"
        }
      },
      "OpenIddict.EntityFrameworkCore": {
        "type": "Direct",
        "requested": "[3.1.1, )",
        "resolved": "3.1.1",
        "contentHash": "PJz+HNjFUw+iOQ542XKv2cFkEyo6J7wPfzLfby6Bw/TpD2zAY/mMvRMo5HQBtTLZxjUI3Mi4DataI3qxUg5GAg==",
        "dependencies": {
          "Microsoft.EntityFrameworkCore.Relational": "5.0.7",
          "OpenIddict.Core": "3.1.1",
          "OpenIddict.EntityFrameworkCore.Models": "3.1.1"
        }
      },
      "Pomelo.EntityFrameworkCore.MySql": {
        "type": "Direct",
        "requested": "[7.0.0, )",
        "resolved": "7.0.0",
        "contentHash": "Qk5WB/skSZet5Yrz6AN2ywjZaB1pxfAmvQ+5I4khTkLwwIamI4QJoH2NphCWLFQL+2ar8HvsNCTmwYk0qhqL0w==",
        "dependencies": {
          "Microsoft.EntityFrameworkCore.Relational": "7.0.2",
          "MySqlConnector": "2.2.5"
        }
      },
      "StyleCop.Analyzers": {
        "type": "Direct",
        "requested": "[1.2.0-beta.333, )",
        "resolved": "1.2.0-beta.333",
        "contentHash": "o2r6o6TVTb6VdTtWEYT88/SgixcujjZ3gXMktvI/aNkA3y0CxUSVZEL23OjFe4/sDiTvldkdhKEyAQP9Z8r5wA==",
        "dependencies": {
          "StyleCop.Analyzers.Unstable": "1.2.0.333"
        }
      },
      "System.Linq.Async": {
        "type": "Direct",
        "requested": "[6.0.1, )",
        "resolved": "6.0.1",
        "contentHash": "0YhHcaroWpQ9UCot3Pizah7ryAzQhNvobLMSxeDIGmnXfkQn8u5owvpOH0K6EVB+z9L7u6Cc4W17Br/+jyttEQ==",
        "dependencies": {
          "Microsoft.Bcl.AsyncInterfaces": "6.0.0"
        }
      },
      "Humanizer.Core": {
        "type": "Transitive",
        "resolved": "2.8.26",
        "contentHash": "OiKusGL20vby4uDEswj2IgkdchC1yQ6rwbIkZDVBPIR6al2b7n3pC91elBul9q33KaBgRKhbZH3+2Ur4fnWx2A=="
      },
      "Microsoft.AspNetCore.Cryptography.Internal": {
        "type": "Transitive",
        "resolved": "6.0.9",
        "contentHash": "jjJsBS0bQ3VDCMpushHzd6rEjFh2PTaaz4LtYytdtcUl8istcRaSnSKcsKKromoPKNNg2B2ag8ZHwYr4WmT0/Q=="
      },
      "Microsoft.AspNetCore.Cryptography.KeyDerivation": {
        "type": "Transitive",
        "resolved": "6.0.9",
        "contentHash": "qzx7/4FCszofYYQlyWCdHnGf4l/3pTQrRhGD0ok+WNTSv3hIEUPYzK5p3TJ36gokiiXEDvUnJTULH3e5I4PpbA==",
        "dependencies": {
          "Microsoft.AspNetCore.Cryptography.Internal": "6.0.9"
        }
      },
      "Microsoft.AspNetCore.Identity.EntityFrameworkCore": {
        "type": "Transitive",
        "resolved": "6.0.9",
        "contentHash": "9yBxriP71NAbA1basxl229DYb2h1vTjhanVa34x/+G/23vwYHsP2YGhG0aGxJ1+9cPOfVaq2wOnJTIE2NfcJnw==",
        "dependencies": {
          "Microsoft.EntityFrameworkCore.Relational": "6.0.9",
          "Microsoft.Extensions.Identity.Stores": "6.0.9"
        }
      },
      "Microsoft.Bcl.AsyncInterfaces": {
        "type": "Transitive",
        "resolved": "6.0.0",
        "contentHash": "UcSjPsst+DfAdJGVDsu346FX0ci0ah+lw3WRtn18NUwEqRt70HaOQ7lI72vy3+1LxtqI3T5GWwV39rQSrCzAeg=="
      },
      "Microsoft.EntityFrameworkCore": {
        "type": "Transitive",
        "resolved": "7.0.2",
        "contentHash": "5QEspjTHk/cgM98AaB12mDXF7jlInlYhG0gxS6X8ZJ2rzmyIAsvYNEwoOUifd/gt5v5HblYClYfZ9YYIEjSkew==",
        "dependencies": {
          "Microsoft.EntityFrameworkCore.Abstractions": "7.0.2",
          "Microsoft.EntityFrameworkCore.Analyzers": "7.0.2",
          "Microsoft.Extensions.Caching.Memory": "7.0.0",
          "Microsoft.Extensions.DependencyInjection": "7.0.0",
          "Microsoft.Extensions.Logging": "7.0.0"
        }
      },
      "Microsoft.EntityFrameworkCore.Abstractions": {
        "type": "Transitive",
        "resolved": "7.0.2",
        "contentHash": "nszewdtuQAk2DbhNnGssRCYVxyBhm0DZHJobU8Bc4RGPuybraCv/lovFWPUeZlTT3bQndyV8Ko2NHKSc4qsKCg=="
      },
      "Microsoft.EntityFrameworkCore.Analyzers": {
        "type": "Transitive",
        "resolved": "7.0.2",
        "contentHash": "75dDCNXzoQFM86Mk/iY7lQ+XHb2DbpAh53hbAJUlxkL3XUVoCq6rWgO4y1EX7DdyKMF61dsdEKlF4/bmpi4urA=="
      },
      "Microsoft.EntityFrameworkCore.Relational": {
        "type": "Transitive",
        "resolved": "7.0.2",
        "contentHash": "TbTGOdaGtjps3GP7rLWXEXzmP+EXhV8AwPE/ov0QYhs5i5vKZX5ZpVLMnco2MeMtiPgLyxE7DhQT8s1wlu190g==",
        "dependencies": {
          "Microsoft.EntityFrameworkCore": "7.0.2",
          "Microsoft.Extensions.Configuration.Abstractions": "7.0.0"
        }
      },
      "Microsoft.Extensions.Caching.Abstractions": {
        "type": "Transitive",
        "resolved": "7.0.0",
        "contentHash": "IeimUd0TNbhB4ded3AbgBLQv2SnsiVugDyGV1MvspQFVlA07nDC7Zul7kcwH5jWN3JiTcp/ySE83AIJo8yfKjg==",
        "dependencies": {
          "Microsoft.Extensions.Primitives": "7.0.0"
        }
      },
      "Microsoft.Extensions.Caching.Memory": {
        "type": "Transitive",
        "resolved": "7.0.0",
        "contentHash": "xpidBs2KCE2gw1JrD0quHE72kvCaI3xFql5/Peb2GRtUuZX+dYPoK/NTdVMiM67Svym0M0Df9A3xyU0FbMQhHw==",
        "dependencies": {
          "Microsoft.Extensions.Caching.Abstractions": "7.0.0",
          "Microsoft.Extensions.DependencyInjection.Abstractions": "7.0.0",
          "Microsoft.Extensions.Logging.Abstractions": "7.0.0",
          "Microsoft.Extensions.Options": "7.0.0",
          "Microsoft.Extensions.Primitives": "7.0.0"
        }
      },
      "Microsoft.Extensions.Configuration.Abstractions": {
        "type": "Transitive",
        "resolved": "7.0.0",
        "contentHash": "f34u2eaqIjNO9YLHBz8rozVZ+TcFiFs0F3r7nUJd7FRkVSxk8u4OpoK226mi49MwexHOR2ibP9MFvRUaLilcQQ==",
        "dependencies": {
          "Microsoft.Extensions.Primitives": "7.0.0"
        }
      },
      "Microsoft.Extensions.DependencyInjection": {
        "type": "Transitive",
        "resolved": "7.0.0",
        "contentHash": "elNeOmkeX3eDVG6pYVeV82p29hr+UKDaBhrZyWvWLw/EVZSYEkZlQdkp0V39k/Xehs2Qa0mvoCvkVj3eQxNQ1Q==",
        "dependencies": {
          "Microsoft.Extensions.DependencyInjection.Abstractions": "7.0.0"
        }
      },
      "Microsoft.Extensions.DependencyInjection.Abstractions": {
        "type": "Transitive",
        "resolved": "7.0.0",
        "contentHash": "h3j/QfmFN4S0w4C2A6X7arXij/M/OVw3uQHSOFxnND4DyAzO1F9eMX7Eti7lU/OkSthEE0WzRsfT/Dmx86jzCw=="
      },
      "Microsoft.Extensions.Identity.Core": {
        "type": "Transitive",
        "resolved": "6.0.9",
        "contentHash": "CKZti4oI1j+Rtb0iRmlCD3SY/DH7TIFTa9qdGre0dXiAI7hC7yZm+JnZ6oA7iy8Iy/dcB35e1Y7EpZPMDlK5Sg==",
        "dependencies": {
          "Microsoft.AspNetCore.Cryptography.KeyDerivation": "6.0.9",
          "Microsoft.Extensions.Logging": "6.0.0",
          "Microsoft.Extensions.Options": "6.0.0"
        }
      },
      "Microsoft.Extensions.Identity.Stores": {
        "type": "Transitive",
        "resolved": "6.0.9",
        "contentHash": "mr6fZu8+ATN1n1mG4PRDPGiC4bEmzHSsN3njtPL//zUVPk857RwtS373Oy00q7eh1q3bIaC4JppPddornDiFjA==",
        "dependencies": {
          "Microsoft.Extensions.Caching.Abstractions": "6.0.0",
          "Microsoft.Extensions.Identity.Core": "6.0.9",
          "Microsoft.Extensions.Logging": "6.0.0"
        }
      },
      "Microsoft.Extensions.Logging": {
        "type": "Transitive",
        "resolved": "7.0.0",
        "contentHash": "Nw2muoNrOG5U5qa2ZekXwudUn2BJcD41e65zwmDHb1fQegTX66UokLWZkJRpqSSHXDOWZ5V0iqhbxOEky91atA==",
        "dependencies": {
          "Microsoft.Extensions.DependencyInjection": "7.0.0",
          "Microsoft.Extensions.DependencyInjection.Abstractions": "7.0.0",
          "Microsoft.Extensions.Logging.Abstractions": "7.0.0",
          "Microsoft.Extensions.Options": "7.0.0"
        }
      },
      "Microsoft.Extensions.Logging.Abstractions": {
        "type": "Transitive",
        "resolved": "7.0.0",
        "contentHash": "kmn78+LPVMOWeITUjIlfxUPDsI0R6G0RkeAMBmQxAJ7vBJn4q2dTva7pWi65ceN5vPGjJ9q/Uae2WKgvfktJAw=="
      },
      "Microsoft.Extensions.Options": {
        "type": "Transitive",
        "resolved": "7.0.0",
        "contentHash": "lP1yBnTTU42cKpMozuafbvNtQ7QcBjr/CcK3bYOGEMH55Fjt+iecXjT6chR7vbgCMqy3PG3aNQSZgo/EuY/9qQ==",
        "dependencies": {
          "Microsoft.Extensions.DependencyInjection.Abstractions": "7.0.0",
          "Microsoft.Extensions.Primitives": "7.0.0"
        }
      },
      "Microsoft.Extensions.Primitives": {
        "type": "Transitive",
        "resolved": "7.0.0",
        "contentHash": "um1KU5kxcRp3CNuI8o/GrZtD4AIOXDk+RLsytjZ9QPok3ttLUelLKpilVPuaFT3TFjOhSibUAso0odbOaCDj3Q==",
        "dependencies": {
          "System.Runtime.CompilerServices.Unsafe": "6.0.0"
        }
      },
      "MySqlConnector": {
        "type": "Transitive",
        "resolved": "2.2.5",
        "contentHash": "6sinY78RvryhHwpup3awdjYO7d5hhWahb5p/1VDODJhSxJggV/sBbYuKK5IQF9TuzXABiddqUbmRfM884tqA3Q=="
      },
      "OpenIddict.Abstractions": {
        "type": "Transitive",
        "resolved": "3.1.1",
        "contentHash": "8V+BWOCjClN/iByyeBklT9pLX8Zka4IVrjO8BAwFfQsp3UyYtVoazI45Uqmwjb90gaGu8uSMLDKuox0xPC+sgg==",
        "dependencies": {
          "Microsoft.Extensions.DependencyInjection.Abstractions": "3.1.16",
          "Microsoft.Extensions.Primitives": "3.1.16",
          "System.Collections.Immutable": "1.7.1",
          "System.ComponentModel.Annotations": "4.7.0",
          "System.Text.Encodings.Web": "4.7.2",
          "System.Text.Json": "4.7.2"
        }
      },
      "OpenIddict.Core": {
        "type": "Transitive",
        "resolved": "3.1.1",
        "contentHash": "TI828w93+Zda+vm8ZnVZ/JWBFUhDhHBOrhE39Cd+JqTUQOf2QKiAYlQKYv0Ce8A6L70yUeR2CviOhpTdWUsOEg==",
        "dependencies": {
          "Microsoft.Extensions.Caching.Memory": "5.0.0",
          "Microsoft.Extensions.Logging": "5.0.0",
          "Microsoft.Extensions.Options": "5.0.0",
          "OpenIddict.Abstractions": "3.1.1"
        }
      },
      "OpenIddict.EntityFrameworkCore.Models": {
        "type": "Transitive",
        "resolved": "3.1.1",
        "contentHash": "uK77QbDxWy/Y1rWJKvuQ/5QwhsEpNzLwG0aSCjIyZ/kv5PyrL/Z3pimiItJTcn0vL2Mm+k+P2VVAbirasb/WnQ=="
      },
      "StyleCop.Analyzers.Unstable": {
        "type": "Transitive",
        "resolved": "1.2.0.333",
        "contentHash": "7mwxcwa3xZnyU71OTqSgntCDpsZ5gkc4saXhuJeyg5Xc+3xiQxzyhy26uG8rVF8Z7GKpXCsHCL3rd5ZomA+a/A=="
      },
      "System.Collections.Immutable": {
        "type": "Transitive",
        "resolved": "1.7.1",
        "contentHash": "B43Zsz5EfMwyEbnObwRxW5u85fzJma3lrDeGcSAV1qkhSRTNY5uXAByTn9h9ddNdhM+4/YoLc/CI43umjwIl9Q=="
      },
      "System.ComponentModel.Annotations": {
        "type": "Transitive",
        "resolved": "4.7.0",
        "contentHash": "0YFqjhp/mYkDGpU0Ye1GjE53HMp9UVfGN7seGpAMttAC0C40v5gw598jCgpbBLMmCo0E5YRLBv5Z2doypO49ZQ=="
      },
      "System.Runtime.CompilerServices.Unsafe": {
        "type": "Transitive",
        "resolved": "6.0.0",
        "contentHash": "/iUeP3tq1S0XdNNoMz5C9twLSrM/TH+qElHkXWaPvuNOt+99G75NrV0OS2EqHx5wMN7popYjpc8oTjC1y16DLg=="
      },
      "System.Text.Encodings.Web": {
        "type": "Transitive",
        "resolved": "4.7.2",
        "contentHash": "iTUgB/WtrZ1sWZs84F2hwyQhiRH6QNjQv2DkwrH+WP6RoFga2Q1m3f9/Q7FG8cck8AdHitQkmkXSY8qylcDmuA=="
      },
      "System.Text.Json": {
        "type": "Transitive",
        "resolved": "4.7.2",
        "contentHash": "TcMd95wcrubm9nHvJEQs70rC0H/8omiSGGpU4FQ/ZA1URIqD4pjmFJh2Mfv1yH1eHgJDWTi2hMDXwTET+zOOyg=="
      },
      "common": {
        "type": "Project",
        "dependencies": {
          "Microsoft.AspNetCore.Identity.EntityFrameworkCore": "6.0.9"
        }
      }
    },
    "net6.0/linux-musl-arm64": {},
    "net6.0/linux-musl-x64": {}
  }
}