{
  "version": 1,
  "dependencies": {
    "net6.0": {
      "Microsoft.EntityFrameworkCore.Design": {
        "type": "Direct",
        "requested": "[6.0.9, )",
        "resolved": "6.0.9",
        "contentHash": "F+1dYjaxMG181+seb2xK4uLU1UoTR0UZRcfYzSQFfVFwAyWtCp3uooNorWYE3BnJAHNEVJgsGmlfYAEGsrewqg==",
        "dependencies": {
          "Humanizer.Core": "2.8.26",
          "Microsoft.EntityFrameworkCore.Relational": "6.0.9"
        }
      },
      "Microsoft.Extensions.Configuration": {
        "type": "Direct",
        "requested": "[6.0.1, )",
        "resolved": "6.0.1",
        "contentHash": "BUyFU9t+HzlSE7ri4B+AQN2BgTgHv/uM82s5ZkgU1BApyzWzIl48nDsG5wR1t0pniNuuyTBzG3qCW8152/NtSw==",
        "dependencies": {
          "Microsoft.Extensions.Configuration.Abstractions": "6.0.0",
          "Microsoft.Extensions.Primitives": "6.0.0"
        }
      },
      "Microsoft.Extensions.Configuration.Binder": {
        "type": "Direct",
        "requested": "[6.0.0, )",
        "resolved": "6.0.0",
        "contentHash": "b3ErKzND8LIC7o08QAVlKfaEIYEvLJbtmVbFZVBRXeu9YkKfSSzLZfR1SUfQPBIy9mKLhEtJgGYImkcMNaKE0A==",
        "dependencies": {
          "Microsoft.Extensions.Configuration.Abstractions": "6.0.0"
        }
      },
      "Microsoft.Extensions.Configuration.EnvironmentVariables": {
        "type": "Direct",
        "requested": "[6.0.1, )",
        "resolved": "6.0.1",
        "contentHash": "pnyXV1LFOsYjGveuC07xp0YHIyGq7jRq5Ncb5zrrIieMLWVwgMyYxcOH0jTnBedDT4Gh1QinSqsjqzcieHk1og==",
        "dependencies": {
          "Microsoft.Extensions.Configuration": "6.0.0",
          "Microsoft.Extensions.Configuration.Abstractions": "6.0.0"
        }
      },
      "OpenIddict.EntityFrameworkCore": {
        "type": "Direct",
        "requested": "[4.2.0, )",
        "resolved": "4.2.0",
        "contentHash": "V5z8HC8qJCkACBx07hjpZgfd7PsNwvWgxucC0UXU/TDVpBMoLas25qCaFi0JApxZVNdjs6Ku9WUlVUtprwnKbw==",
        "dependencies": {
          "Microsoft.EntityFrameworkCore.Relational": "6.0.12",
          "OpenIddict.Core": "4.2.0",
          "OpenIddict.EntityFrameworkCore.Models": "4.2.0"
        }
      },
      "Pomelo.EntityFrameworkCore.MySql": {
        "type": "Direct",
        "requested": "[6.0.2, )",
        "resolved": "6.0.2",
        "contentHash": "KvlZ800CnEuEGnxj5OT1fCKGjQXxW5kpPlCP91JqBYG+2Z3927eqXmlX6LLKUt4swqE8ZsEQ+Zkpab8bqstf4g==",
        "dependencies": {
          "Microsoft.EntityFrameworkCore.Relational": "[6.0.7, 7.0.0)",
          "Microsoft.Extensions.DependencyInjection": "6.0.0",
          "MySqlConnector": "2.1.2"
        }
      },
      "StyleCop.Analyzers": {
        "type": "Direct",
        "requested": "[1.2.0-beta.333, )",
        "resolved": "1.2.0-beta.333",
        "contentHash": "o2r6o6TVTb6VdTtWEYT88/SgixcujjZ3gXMktvI/aNkA3y0CxUSVZEL23OjFe4/sDiTvldkdhKEyAQP9Z8r5wA==",
        "dependencies": {
          "StyleCop.Analyzers.Unstable": "1.2.0.333"
        }
      },
      "System.Linq.Async": {
        "type": "Direct",
        "requested": "[6.0.1, )",
        "resolved": "6.0.1",
        "contentHash": "0YhHcaroWpQ9UCot3Pizah7ryAzQhNvobLMSxeDIGmnXfkQn8u5owvpOH0K6EVB+z9L7u6Cc4W17Br/+jyttEQ==",
        "dependencies": {
          "Microsoft.Bcl.AsyncInterfaces": "6.0.0"
        }
      },
      "Humanizer.Core": {
        "type": "Transitive",
        "resolved": "2.8.26",
        "contentHash": "OiKusGL20vby4uDEswj2IgkdchC1yQ6rwbIkZDVBPIR6al2b7n3pC91elBul9q33KaBgRKhbZH3+2Ur4fnWx2A=="
      },
      "Microsoft.AspNetCore.Cryptography.Internal": {
        "type": "Transitive",
        "resolved": "6.0.9",
        "contentHash": "jjJsBS0bQ3VDCMpushHzd6rEjFh2PTaaz4LtYytdtcUl8istcRaSnSKcsKKromoPKNNg2B2ag8ZHwYr4WmT0/Q=="
      },
      "Microsoft.AspNetCore.Cryptography.KeyDerivation": {
        "type": "Transitive",
        "resolved": "6.0.9",
        "contentHash": "qzx7/4FCszofYYQlyWCdHnGf4l/3pTQrRhGD0ok+WNTSv3hIEUPYzK5p3TJ36gokiiXEDvUnJTULH3e5I4PpbA==",
        "dependencies": {
          "Microsoft.AspNetCore.Cryptography.Internal": "6.0.9"
        }
      },
      "Microsoft.AspNetCore.Identity.EntityFrameworkCore": {
        "type": "Transitive",
        "resolved": "6.0.9",
        "contentHash": "9yBxriP71NAbA1basxl229DYb2h1vTjhanVa34x/+G/23vwYHsP2YGhG0aGxJ1+9cPOfVaq2wOnJTIE2NfcJnw==",
        "dependencies": {
          "Microsoft.EntityFrameworkCore.Relational": "6.0.9",
          "Microsoft.Extensions.Identity.Stores": "6.0.9"
        }
      },
      "Microsoft.Bcl.AsyncInterfaces": {
        "type": "Transitive",
        "resolved": "6.0.0",
        "contentHash": "UcSjPsst+DfAdJGVDsu346FX0ci0ah+lw3WRtn18NUwEqRt70HaOQ7lI72vy3+1LxtqI3T5GWwV39rQSrCzAeg=="
      },
      "Microsoft.CSharp": {
        "type": "Transitive",
        "resolved": "4.5.0",
        "contentHash": "kaj6Wb4qoMuH3HySFJhxwQfe8R/sJsNJnANrvv8WdFPMoNbKY5htfNscv+LHCu5ipz+49m2e+WQXpLXr9XYemQ=="
      },
      "Microsoft.EntityFrameworkCore": {
        "type": "Transitive",
        "resolved": "6.0.12",
        "contentHash": "xb10XFoPf/gWu8ik5v7xnVyUY7W21LBOLtT7PidzwYVdnE3aKuQ/bIZLcQuY7rdDNT89/wse2q5FRjm207cIMQ==",
        "dependencies": {
          "Microsoft.EntityFrameworkCore.Abstractions": "6.0.12",
          "Microsoft.EntityFrameworkCore.Analyzers": "6.0.12",
          "Microsoft.Extensions.Caching.Memory": "6.0.1",
          "Microsoft.Extensions.DependencyInjection": "6.0.1",
          "Microsoft.Extensions.Logging": "6.0.0",
          "System.Collections.Immutable": "6.0.0",
          "System.Diagnostics.DiagnosticSource": "6.0.0"
        }
      },
      "Microsoft.EntityFrameworkCore.Abstractions": {
        "type": "Transitive",
        "resolved": "6.0.12",
        "contentHash": "hvRytAcLhrb35HmtMjYWsNZZLt39ryuN7j04lDchRa9VToreyqgo5gMniTdQ6MfCflxtGnDes65V/Y2pjbEyWg=="
      },
      "Microsoft.EntityFrameworkCore.Analyzers": {
        "type": "Transitive",
        "resolved": "6.0.12",
        "contentHash": "ZDUY+KlsIyKdfvIJeNdqRiPExFQ5GRZVdx/Cp52vhpCJRImYv34O0Xfmw2eiLu4qe1jmM2pTzAAFKELaKwtj/w=="
      },
      "Microsoft.EntityFrameworkCore.Relational": {
        "type": "Transitive",
        "resolved": "6.0.12",
        "contentHash": "HBtRGHtF0Vf+BIQTkRGiopmE5rLYhj59xPpd17S1tLgYpiHDVbepCuHwh5H63fzjO99Z4tW5wmmEGF7KnD91WQ==",
        "dependencies": {
          "Microsoft.EntityFrameworkCore": "6.0.12",
          "Microsoft.Extensions.Configuration.Abstractions": "6.0.0"
        }
      },
      "Microsoft.Extensions.Caching.Abstractions": {
        "type": "Transitive",
        "resolved": "6.0.0",
        "contentHash": "bcz5sSFJbganH0+YrfvIjJDIcKNW7TL07C4d1eTmXy/wOt52iz4LVogJb6pazs7W0+74j0YpXFErvp++Aq5Bsw==",
        "dependencies": {
          "Microsoft.Extensions.Primitives": "6.0.0"
        }
      },
      "Microsoft.Extensions.Caching.Memory": {
        "type": "Transitive",
        "resolved": "6.0.1",
        "contentHash": "B4y+Cev05eMcjf1na0v9gza6GUtahXbtY1JCypIgx3B4Ea/KAgsWyXEmW4q6zMbmTMtKzmPVk09rvFJirvMwTg==",
        "dependencies": {
          "Microsoft.Extensions.Caching.Abstractions": "6.0.0",
          "Microsoft.Extensions.DependencyInjection.Abstractions": "6.0.0",
          "Microsoft.Extensions.Logging.Abstractions": "6.0.0",
          "Microsoft.Extensions.Options": "6.0.0",
          "Microsoft.Extensions.Primitives": "6.0.0"
        }
      },
      "Microsoft.Extensions.Configuration.Abstractions": {
        "type": "Transitive",
        "resolved": "6.0.0",
        "contentHash": "qWzV9o+ZRWq+pGm+1dF+R7qTgTYoXvbyowRoBxQJGfqTpqDun2eteerjRQhq5PQ/14S+lqto3Ft4gYaRyl4rdQ==",
        "dependencies": {
          "Microsoft.Extensions.Primitives": "6.0.0"
        }
      },
      "Microsoft.Extensions.DependencyInjection": {
        "type": "Transitive",
        "resolved": "6.0.1",
        "contentHash": "vWXPg3HJQIpZkENn1KWq8SfbqVujVD7S7vIAyFXXqK5xkf1Vho+vG0bLBCHxU36lD1cLLtmGpfYf0B3MYFi9tQ==",
        "dependencies": {
          "Microsoft.Extensions.DependencyInjection.Abstractions": "6.0.0",
          "System.Runtime.CompilerServices.Unsafe": "6.0.0"
        }
      },
      "Microsoft.Extensions.DependencyInjection.Abstractions": {
        "type": "Transitive",
        "resolved": "6.0.0",
        "contentHash": "xlzi2IYREJH3/m6+lUrQlujzX8wDitm4QGnUu6kUXTQAWPuZY8i+ticFJbzfqaetLA6KR/rO6Ew/HuYD+bxifg=="
      },
      "Microsoft.Extensions.Identity.Core": {
        "type": "Transitive",
        "resolved": "6.0.9",
        "contentHash": "CKZti4oI1j+Rtb0iRmlCD3SY/DH7TIFTa9qdGre0dXiAI7hC7yZm+JnZ6oA7iy8Iy/dcB35e1Y7EpZPMDlK5Sg==",
        "dependencies": {
          "Microsoft.AspNetCore.Cryptography.KeyDerivation": "6.0.9",
          "Microsoft.Extensions.Logging": "6.0.0",
          "Microsoft.Extensions.Options": "6.0.0"
        }
      },
      "Microsoft.Extensions.Identity.Stores": {
        "type": "Transitive",
        "resolved": "6.0.9",
        "contentHash": "mr6fZu8+ATN1n1mG4PRDPGiC4bEmzHSsN3njtPL//zUVPk857RwtS373Oy00q7eh1q3bIaC4JppPddornDiFjA==",
        "dependencies": {
          "Microsoft.Extensions.Caching.Abstractions": "6.0.0",
          "Microsoft.Extensions.Identity.Core": "6.0.9",
          "Microsoft.Extensions.Logging": "6.0.0"
        }
      },
      "Microsoft.Extensions.Logging": {
        "type": "Transitive",
        "resolved": "6.0.0",
        "contentHash": "eIbyj40QDg1NDz0HBW0S5f3wrLVnKWnDJ/JtZ+yJDFnDj90VoPuoPmFkeaXrtu+0cKm5GRAwoDf+dBWXK0TUdg==",
        "dependencies": {
          "Microsoft.Extensions.DependencyInjection": "6.0.0",
          "Microsoft.Extensions.DependencyInjection.Abstractions": "6.0.0",
          "Microsoft.Extensions.Logging.Abstractions": "6.0.0",
          "Microsoft.Extensions.Options": "6.0.0",
          "System.Diagnostics.DiagnosticSource": "6.0.0"
        }
      },
      "Microsoft.Extensions.Logging.Abstractions": {
        "type": "Transitive",
        "resolved": "6.0.0",
        "contentHash": "/HggWBbTwy8TgebGSX5DBZ24ndhzi93sHUBDvP1IxbZD7FDokYzdAr6+vbWGjw2XAfR2EJ1sfKUotpjHnFWPxA=="
      },
      "Microsoft.Extensions.Options": {
        "type": "Transitive",
        "resolved": "6.0.0",
        "contentHash": "dzXN0+V1AyjOe2xcJ86Qbo233KHuLEY0njf/P2Kw8SfJU+d45HNS2ctJdnEnrWbM9Ye2eFgaC5Mj9otRMU6IsQ==",
        "dependencies": {
          "Microsoft.Extensions.DependencyInjection.Abstractions": "6.0.0",
          "Microsoft.Extensions.Primitives": "6.0.0"
        }
      },
      "Microsoft.Extensions.Primitives": {
        "type": "Transitive",
        "resolved": "6.0.0",
        "contentHash": "9+PnzmQFfEFNR9J2aDTfJGGupShHjOuGw4VUv+JB044biSHrnmCIMD+mJHmb2H7YryrfBEXDurxQ47gJZdCKNQ==",
        "dependencies": {
          "System.Runtime.CompilerServices.Unsafe": "6.0.0"
        }
      },
      "Microsoft.IdentityModel.Abstractions": {
        "type": "Transitive",
        "resolved": "6.25.1",
        "contentHash": "B/WteJwwEuSu4MzTe30w0zfBUi5H9yWiAHACLT5WhLcuyY6WmU82TXY+g55E665/CMxhPCMsPit6Q5PiPBh60w=="
      },
      "Microsoft.IdentityModel.Logging": {
        "type": "Transitive",
        "resolved": "6.25.1",
        "contentHash": "ymv/f8a65m7im+BXTK18XZzFB+x9IIP4l7rEeQ39VH8N5ZxAFTF6J6Nh0lX9Kzr7pWE+CmSd5+TBw0KTohn5CQ==",
        "dependencies": {
          "Microsoft.IdentityModel.Abstractions": "6.25.1"
        }
      },
      "Microsoft.IdentityModel.Tokens": {
        "type": "Transitive",
        "resolved": "6.25.1",
        "contentHash": "QY6V5wMCh+9dcaZnfM2wxlhAbtGLcEy8Mlo7WHQpwM9bNmfuu0P+h+J39zZ46O81yQlT1qZp759LQvlDsNe8dg==",
        "dependencies": {
          "Microsoft.CSharp": "4.5.0",
          "Microsoft.IdentityModel.Logging": "6.25.1",
          "System.Security.Cryptography.Cng": "4.5.0"
        }
      },
      "MySqlConnector": {
        "type": "Transitive",
        "resolved": "2.1.2",
        "contentHash": "JVokQTUNN3WHAu9Vw8ieeq1dXTFokJiig5P0VJ4f439UxRrsPo6SaVWC8Zdm6mkPeQFhZ0/9afdWa02EY/1j/w=="
      },
      "OpenIddict.Abstractions": {
        "type": "Transitive",
        "resolved": "4.2.0",
        "contentHash": "8py10Ihodz2pprEb7Tpz2IRRtxdo/0Ry6k1+ZEpU76CtHZxEob3GQCy4tkjaF8/3/Kzdo+Oxe8C0ZaazD4KzMg==",
        "dependencies": {
          "Microsoft.Extensions.DependencyInjection.Abstractions": "6.0.0",
          "Microsoft.Extensions.Primitives": "6.0.0",
          "Microsoft.IdentityModel.Tokens": "6.25.1"
        }
      },
      "OpenIddict.Core": {
        "type": "Transitive",
        "resolved": "4.2.0",
        "contentHash": "ls+GCpnoBGjz3yg/4cNf0bUOeLpcq8G8Xsf7aJjVSDdns2FF8snn5CGD0oGArpFFAqRpgC6F4D4jweFw/9Ux2w==",
        "dependencies": {
          "Microsoft.Extensions.Caching.Memory": "6.0.1",
          "Microsoft.Extensions.Logging": "6.0.0",
          "Microsoft.Extensions.Options": "6.0.0",
          "OpenIddict.Abstractions": "4.2.0"
        }
      },
      "OpenIddict.EntityFrameworkCore.Models": {
        "type": "Transitive",
        "resolved": "4.2.0",
        "contentHash": "Ttdf8gtyOoEV0cAUXt3U/2xF5dqlcb/R8KZiL2R2R0/n0B8U9QfDVu7nwXTOjU6jTUWc/tXcxC7Yj0CJhLoaYw=="
      },
      "StyleCop.Analyzers.Unstable": {
        "type": "Transitive",
        "resolved": "1.2.0.333",
        "contentHash": "7mwxcwa3xZnyU71OTqSgntCDpsZ5gkc4saXhuJeyg5Xc+3xiQxzyhy26uG8rVF8Z7GKpXCsHCL3rd5ZomA+a/A=="
      },
      "System.Collections.Immutable": {
        "type": "Transitive",
        "resolved": "6.0.0",
        "contentHash": "l4zZJ1WU2hqpQQHXz1rvC3etVZN+2DLmQMO79FhOTZHMn8tDRr+WU287sbomD0BETlmKDn0ygUgVy9k5xkkJdA==",
        "dependencies": {
          "System.Runtime.CompilerServices.Unsafe": "6.0.0"
        }
      },
      "System.Diagnostics.DiagnosticSource": {
        "type": "Transitive",
        "resolved": "6.0.0",
        "contentHash": "frQDfv0rl209cKm1lnwTgFPzNigy2EKk1BS3uAvHvlBVKe5cymGyHO+Sj+NLv5VF/AhHsqPIUUwya5oV4CHMUw==",
        "dependencies": {
          "System.Runtime.CompilerServices.Unsafe": "6.0.0"
        }
      },
      "System.Runtime.CompilerServices.Unsafe": {
        "type": "Transitive",
        "resolved": "6.0.0",
        "contentHash": "/iUeP3tq1S0XdNNoMz5C9twLSrM/TH+qElHkXWaPvuNOt+99G75NrV0OS2EqHx5wMN7popYjpc8oTjC1y16DLg=="
      },
      "System.Security.Cryptography.Cng": {
        "type": "Transitive",
        "resolved": "4.5.0",
        "contentHash": "WG3r7EyjUe9CMPFSs6bty5doUqT+q9pbI80hlNzo2SkPkZ4VTuZkGWjpp77JB8+uaL4DFPRdBsAY+DX3dBK92A=="
      },
      "common": {
        "type": "Project",
        "dependencies": {
          "Microsoft.AspNetCore.Identity.EntityFrameworkCore": "6.0.9"
        }
      }
    },
    "net6.0/linux-musl-arm64": {
      "System.Security.Cryptography.Cng": {
        "type": "Transitive",
        "resolved": "4.5.0",
        "contentHash": "WG3r7EyjUe9CMPFSs6bty5doUqT+q9pbI80hlNzo2SkPkZ4VTuZkGWjpp77JB8+uaL4DFPRdBsAY+DX3dBK92A=="
      }
    },
    "net6.0/linux-musl-x64": {
      "System.Security.Cryptography.Cng": {
        "type": "Transitive",
        "resolved": "4.5.0",
        "contentHash": "WG3r7EyjUe9CMPFSs6bty5doUqT+q9pbI80hlNzo2SkPkZ4VTuZkGWjpp77JB8+uaL4DFPRdBsAY+DX3dBK92A=="
      }
    }
  }
}